// !$*UTF8*$!
{
	archiveVersion = 1;
	classes = {
	};
	objectVersion = 52;
	objects = {

/* Begin PBXBuildFile section */
		6A02F1402511110300313C5F /* LoadFeedFromRemoteUseCaseTests.swift in Sources */ = {isa = PBXBuildFile; fileRef = 6A02F13F2511110300313C5F /* LoadFeedFromRemoteUseCaseTests.swift */; };
		6A03282125908D3E00C7EEBA /* FeedImageDataCache.swift in Sources */ = {isa = PBXBuildFile; fileRef = 6A03282025908D3E00C7EEBA /* FeedImageDataCache.swift */; };
		6A03EC712518D47F009360DF /* HTTPClient.swift in Sources */ = {isa = PBXBuildFile; fileRef = 6A03EC702518D47F009360DF /* HTTPClient.swift */; };
		6A03EC752518D4B6009360DF /* FeedItemMapper.swift in Sources */ = {isa = PBXBuildFile; fileRef = 6A03EC742518D4B6009360DF /* FeedItemMapper.swift */; };
		6A1D98022557A63F00CE8BE5 /* CoreDataFeedStoreTests.swift in Sources */ = {isa = PBXBuildFile; fileRef = 6A1D98012557A63F00CE8BE5 /* CoreDataFeedStoreTests.swift */; };
		6A1D980A2557C4F900CE8BE5 /* CoreDataFeedStore.swift in Sources */ = {isa = PBXBuildFile; fileRef = 6A1D98092557C4F900CE8BE5 /* CoreDataFeedStore.swift */; };
		6A1D980E2557D55C00CE8BE5 /* FeedStore.xcdatamodeld in Sources */ = {isa = PBXBuildFile; fileRef = 6AF0C528255455C000D014FE /* FeedStore.xcdatamodeld */; };
		6A1D98182557E86A00CE8BE5 /* ManagedFeedImage.swift in Sources */ = {isa = PBXBuildFile; fileRef = 6AF0C533255456F000D014FE /* ManagedFeedImage.swift */; };
		6A1D981F2557E86D00CE8BE5 /* ManagedCache.swift in Sources */ = {isa = PBXBuildFile; fileRef = 6AF0C52E2554566800D014FE /* ManagedCache.swift */; };
		6A1E5F8B2568EA480076A0B2 /* Feed.storyboard in Resources */ = {isa = PBXBuildFile; fileRef = 6A1E5F8A2568EA480076A0B2 /* Feed.storyboard */; };
		6A1E5F922568FDDF0076A0B2 /* Feed.xcassets in Resources */ = {isa = PBXBuildFile; fileRef = 6A1E5F912568FDDF0076A0B2 /* Feed.xcassets */; };
		6A1E5F9E256909D80076A0B2 /* UITableView+Dequeueing.swift in Sources */ = {isa = PBXBuildFile; fileRef = 6A1E5F9D256909D80076A0B2 /* UITableView+Dequeueing.swift */; };
		6A1E5FAA25690B370076A0B2 /* UIImageView+Animations.swift in Sources */ = {isa = PBXBuildFile; fileRef = 6A1E5FA925690B370076A0B2 /* UIImageView+Animations.swift */; };
		6A21971625BBEA580068A25C /* LoadImageCommentsFromRemoteUseCaseTests.swift in Sources */ = {isa = PBXBuildFile; fileRef = 6A21971525BBEA580068A25C /* LoadImageCommentsFromRemoteUseCaseTests.swift */; };
		6A21971D25BBEBB00068A25C /* RemoteImageCommentsLoader.swift in Sources */ = {isa = PBXBuildFile; fileRef = 6A21971C25BBEBB00068A25C /* RemoteImageCommentsLoader.swift */; };
		6A21972425BBEC3C0068A25C /* ImageCommentsMapper.swift in Sources */ = {isa = PBXBuildFile; fileRef = 6A21972325BBEC3C0068A25C /* ImageCommentsMapper.swift */; };
		6A21972C25BBF3150068A25C /* ImageComment.swift in Sources */ = {isa = PBXBuildFile; fileRef = 6A21972B25BBF3150068A25C /* ImageComment.swift */; };
		6A2401BF25428D38008FF8D5 /* LoadFeedFromCacheUseCaseTests.swift in Sources */ = {isa = PBXBuildFile; fileRef = 6A2401BE25428D38008FF8D5 /* LoadFeedFromCacheUseCaseTests.swift */; };
		6A2D83992530A62D00E78861 /* URLSessionHTTPClientTests.swift in Sources */ = {isa = PBXBuildFile; fileRef = 6A2D83982530A62D00E78861 /* URLSessionHTTPClientTests.swift */; };
		6A3238C82562D148007DA7B2 /* FeedImageCellController.swift in Sources */ = {isa = PBXBuildFile; fileRef = 6A3238C72562D148007DA7B2 /* FeedImageCellController.swift */; };
		6A3325C7256E34F4009E04B6 /* ErrorView.swift in Sources */ = {isa = PBXBuildFile; fileRef = 6A3325C6256E34F4009E04B6 /* ErrorView.swift */; };
		6A3325E0256E3D19009E04B6 /* UIRefreshControl+Helpers.swift in Sources */ = {isa = PBXBuildFile; fileRef = 6A3325DF256E3D19009E04B6 /* UIRefreshControl+Helpers.swift */; };
		6A3325E8256E533C009E04B6 /* FeedPresenterTests.swift in Sources */ = {isa = PBXBuildFile; fileRef = 6A3325E7256E533C009E04B6 /* FeedPresenterTests.swift */; };
		6A33260A256E5BB0009E04B6 /* FeedPresenter.swift in Sources */ = {isa = PBXBuildFile; fileRef = 6A332609256E5BB0009E04B6 /* FeedPresenter.swift */; };
		6A33261A256E5C2A009E04B6 /* Feed.strings in Resources */ = {isa = PBXBuildFile; fileRef = 6A3325FC256E5A79009E04B6 /* Feed.strings */; };
		6A332621256E5C62009E04B6 /* FeedViewModel.swift in Sources */ = {isa = PBXBuildFile; fileRef = 6A332620256E5C62009E04B6 /* FeedViewModel.swift */; };
		6A332628256E5C7C009E04B6 /* FeedLoadingViewModel.swift in Sources */ = {isa = PBXBuildFile; fileRef = 6A332627256E5C7C009E04B6 /* FeedLoadingViewModel.swift */; };
		6A33262F256E5C8E009E04B6 /* FeedErrorViewModel.swift in Sources */ = {isa = PBXBuildFile; fileRef = 6A33262E256E5C8E009E04B6 /* FeedErrorViewModel.swift */; };
		6A33263A256E5E04009E04B6 /* FeedLocalizationTests.swift in Sources */ = {isa = PBXBuildFile; fileRef = 6A1E5FDD25693D340076A0B2 /* FeedLocalizationTests.swift */; };
		6A3F2226255D81B3002BC821 /* EssentialFeediOS.framework in Frameworks */ = {isa = PBXBuildFile; fileRef = 6A3F221D255D81B3002BC821 /* EssentialFeediOS.framework */; };
		6A404248254C5D0A0046534E /* FeedStoreSpecs.swift in Sources */ = {isa = PBXBuildFile; fileRef = 6A404247254C5D0A0046534E /* FeedStoreSpecs.swift */; };
		6A40424D254C5DA20046534E /* XCTestCase+FeedStoreSpecs.swift in Sources */ = {isa = PBXBuildFile; fileRef = 6A40424C254C5DA20046534E /* XCTestCase+FeedStoreSpecs.swift */; };
		6A41DE422536BFF600A73A0F /* XCTestCase+MemoryLeak.swift in Sources */ = {isa = PBXBuildFile; fileRef = 6A5104C82535963000262E2D /* XCTestCase+MemoryLeak.swift */; };
		6A4A2C262546740300A8BB14 /* ValidateFeedCacheUseCaseTests.swift in Sources */ = {isa = PBXBuildFile; fileRef = 6A4A2C252546740300A8BB14 /* ValidateFeedCacheUseCaseTests.swift */; };
		6A4A2C2B2546799000A8BB14 /* FeedCacheTestHelpers.swift in Sources */ = {isa = PBXBuildFile; fileRef = 6A4A2C2A2546799000A8BB14 /* FeedCacheTestHelpers.swift */; };
		6A4A2C3025467A3D00A8BB14 /* SharedTestHelpers.swift in Sources */ = {isa = PBXBuildFile; fileRef = 6A4A2C2F25467A3D00A8BB14 /* SharedTestHelpers.swift */; };
		6A5104C92535963000262E2D /* XCTestCase+MemoryLeak.swift in Sources */ = {isa = PBXBuildFile; fileRef = 6A5104C82535963000262E2D /* XCTestCase+MemoryLeak.swift */; };
		6A5104D12535B49400262E2D /* URLSessionHTTPClient.swift in Sources */ = {isa = PBXBuildFile; fileRef = 6A5104D02535B49400262E2D /* URLSessionHTTPClient.swift */; };
		6A5EBF272576256A00B80C30 /* LoadFeedImageDataFromCacheUseCaseTests.swift in Sources */ = {isa = PBXBuildFile; fileRef = 6A5EBF262576256A00B80C30 /* LoadFeedImageDataFromCacheUseCaseTests.swift */; };
		6A5EBF33257696E000B80C30 /* LocalFeedImageDataLoader.swift in Sources */ = {isa = PBXBuildFile; fileRef = 6A5EBF32257696E000B80C30 /* LocalFeedImageDataLoader.swift */; };
		6A5EBF3A2576970600B80C30 /* FeedImageDataStore.swift in Sources */ = {isa = PBXBuildFile; fileRef = 6A5EBF392576970600B80C30 /* FeedImageDataStore.swift */; };
		6A7E722C25777B4A009C8E38 /* FeedImageDataStoreSpy.swift in Sources */ = {isa = PBXBuildFile; fileRef = 6A7E722B25777B4A009C8E38 /* FeedImageDataStoreSpy.swift */; };
		6A7E723325777BB0009C8E38 /* CacheFeedImageDataUseCaseTests.swift in Sources */ = {isa = PBXBuildFile; fileRef = 6A7E723225777BB0009C8E38 /* CacheFeedImageDataUseCaseTests.swift */; };
		6A7E723A25777E27009C8E38 /* CoreDataFeedImageDataStoreTests.swift in Sources */ = {isa = PBXBuildFile; fileRef = 6A7E723925777E27009C8E38 /* CoreDataFeedImageDataStoreTests.swift */; };
		6A7E724725778470009C8E38 /* CoreDataFeedStore+FeedImageDataLoader.swift in Sources */ = {isa = PBXBuildFile; fileRef = 6A7E724625778470009C8E38 /* CoreDataFeedStore+FeedImageDataLoader.swift */; };
		6A7F3379259242A700F9CE77 /* FeedSnapshotTests.swift in Sources */ = {isa = PBXBuildFile; fileRef = 6A7F3378259242A700F9CE77 /* FeedSnapshotTests.swift */; };
		6A7F3381259248D400F9CE77 /* UIImage+TestHelpers.swift in Sources */ = {isa = PBXBuildFile; fileRef = 6A7F3380259248D400F9CE77 /* UIImage+TestHelpers.swift */; };
		6A7F338D25924DA900F9CE77 /* UITableView+HeaderSizing.swift in Sources */ = {isa = PBXBuildFile; fileRef = 6A7F338C25924DA900F9CE77 /* UITableView+HeaderSizing.swift */; };
		6A82CF392559505C00EBBAF1 /* EssentialFeedCacheIntegrationTests.swift in Sources */ = {isa = PBXBuildFile; fileRef = 6A82CF382559505C00EBBAF1 /* EssentialFeedCacheIntegrationTests.swift */; };
		6A82CF3B2559505C00EBBAF1 /* EssentialFeed.framework in Frameworks */ = {isa = PBXBuildFile; fileRef = 6AED9C6C250FBE2200A3F327 /* EssentialFeed.framework */; };
		6A82CF452559534000EBBAF1 /* XCTestCase+MemoryLeak.swift in Sources */ = {isa = PBXBuildFile; fileRef = 6A5104C82535963000262E2D /* XCTestCase+MemoryLeak.swift */; };
		6A82CF4A25595A4A00EBBAF1 /* FeedCacheTestHelpers.swift in Sources */ = {isa = PBXBuildFile; fileRef = 6A4A2C2A2546799000A8BB14 /* FeedCacheTestHelpers.swift */; };
		6A82CF4F25595C2A00EBBAF1 /* SharedTestHelpers.swift in Sources */ = {isa = PBXBuildFile; fileRef = 6A4A2C2F25467A3D00A8BB14 /* SharedTestHelpers.swift */; };
		6A895A26256F9D850098D1B8 /* LoadFeedImageDataFromRemoteUseCaseTests.swift in Sources */ = {isa = PBXBuildFile; fileRef = 6A895A25256F9D840098D1B8 /* LoadFeedImageDataFromRemoteUseCaseTests.swift */; };
		6A8A5236258FAB660098D426 /* FeedCache.swift in Sources */ = {isa = PBXBuildFile; fileRef = 6A8A5235258FAB660098D426 /* FeedCache.swift */; };
		6A8B7F3225411FE100A2C9D2 /* LocalFeedLoader.swift in Sources */ = {isa = PBXBuildFile; fileRef = 6A8B7F3125411FE100A2C9D2 /* LocalFeedLoader.swift */; };
		6A8B7F3A2541200500A2C9D2 /* FeedStore.swift in Sources */ = {isa = PBXBuildFile; fileRef = 6A8B7F392541200500A2C9D2 /* FeedStore.swift */; };
		6A94AA322536AAE60042E7EB /* EssentialFeedAPIEndToEndTests.swift in Sources */ = {isa = PBXBuildFile; fileRef = 6A94AA312536AAE60042E7EB /* EssentialFeedAPIEndToEndTests.swift */; };
		6A94AA342536AAE60042E7EB /* EssentialFeed.framework in Frameworks */ = {isa = PBXBuildFile; fileRef = 6AED9C6C250FBE2200A3F327 /* EssentialFeed.framework */; };
		6AA08C8D255EC6E100A6F764 /* EssentialFeed.framework in Frameworks */ = {isa = PBXBuildFile; fileRef = 6AED9C6C250FBE2200A3F327 /* EssentialFeed.framework */; platformFilter = ios; };
		6AA08C8E255EC6E100A6F764 /* EssentialFeed.framework in Embed Frameworks */ = {isa = PBXBuildFile; fileRef = 6AED9C6C250FBE2200A3F327 /* EssentialFeed.framework */; platformFilter = ios; settings = {ATTRIBUTES = (CodeSignOnCopy, RemoveHeadersOnCopy, ); }; };
		6AA08C97255EC75600A6F764 /* XCTestCase+MemoryLeak.swift in Sources */ = {isa = PBXBuildFile; fileRef = 6A5104C82535963000262E2D /* XCTestCase+MemoryLeak.swift */; };
		6AA08C9E255ED61E00A6F764 /* FeedViewController.swift in Sources */ = {isa = PBXBuildFile; fileRef = 6AA08C9D255ED61E00A6F764 /* FeedViewController.swift */; };
		6AAA87792572A1EE00BF86EF /* HTTPClientSpy.swift in Sources */ = {isa = PBXBuildFile; fileRef = 6AAA87782572A1EE00BF86EF /* HTTPClientSpy.swift */; };
		6AAA87802572A28000BF86EF /* RemoteFeedImageDataLoader.swift in Sources */ = {isa = PBXBuildFile; fileRef = 6AAA877F2572A28000BF86EF /* RemoteFeedImageDataLoader.swift */; };
		6AAA87882572AC3A00BF86EF /* HTTPURLResponse+StatusCode.swift in Sources */ = {isa = PBXBuildFile; fileRef = 6AAA87872572AC3A00BF86EF /* HTTPURLResponse+StatusCode.swift */; };
		6AAA87952572ACE000BF86EF /* URLProtocolStub.swift in Sources */ = {isa = PBXBuildFile; fileRef = 6AAA87942572ACE000BF86EF /* URLProtocolStub.swift */; };
		6AABEF4F25400A18003C3783 /* CacheFeedUseCaseTests.swift in Sources */ = {isa = PBXBuildFile; fileRef = 6AABEF4E25400A18003C3783 /* CacheFeedUseCaseTests.swift */; };
		6AB36076257799F600D882DA /* CoreDataFeedStore+FeedStore.swift in Sources */ = {isa = PBXBuildFile; fileRef = 6AB36075257799F600D882DA /* CoreDataFeedStore+FeedStore.swift */; };
		6AB402BF25418385002A7F87 /* LocalFeedImage.swift in Sources */ = {isa = PBXBuildFile; fileRef = 6AB402BE25418385002A7F87 /* LocalFeedImage.swift */; };
		6AB402C4254183A5002A7F87 /* RemoteFeedItem.swift in Sources */ = {isa = PBXBuildFile; fileRef = 6AB402C3254183A5002A7F87 /* RemoteFeedItem.swift */; };
		6AB491A4251260AB008C86E0 /* RemoteFeedLoader.swift in Sources */ = {isa = PBXBuildFile; fileRef = 6AB491A3251260AB008C86E0 /* RemoteFeedLoader.swift */; };
		6AB76CD0256EA15200D3F610 /* FeedImagePresenterTests.swift in Sources */ = {isa = PBXBuildFile; fileRef = 6AB76CCF256EA15200D3F610 /* FeedImagePresenterTests.swift */; };
		6AB76CD7256EAE1100D3F610 /* FeedImagePresenter.swift in Sources */ = {isa = PBXBuildFile; fileRef = 6AB76CD6256EAE1100D3F610 /* FeedImagePresenter.swift */; };
		6AB76CDE256EAE6D00D3F610 /* FeedImageViewModel.swift in Sources */ = {isa = PBXBuildFile; fileRef = 6AB76CDD256EAE6D00D3F610 /* FeedImageViewModel.swift */; };
		6AB76D0A256EB41900D3F610 /* EssentialFeediOS.h in Headers */ = {isa = PBXBuildFile; fileRef = 6AB76D09256EB41900D3F610 /* EssentialFeediOS.h */; settings = {ATTRIBUTES = (Public, ); }; };
		6AD58FD125431701001D9D6E /* FeedStoreSpy.swift in Sources */ = {isa = PBXBuildFile; fileRef = 6AD58FD025431701001D9D6E /* FeedStoreSpy.swift */; };
		6AD9CCF32560F18F00EF4131 /* FeedImageCell.swift in Sources */ = {isa = PBXBuildFile; fileRef = 6AD9CCF22560F18F00EF4131 /* FeedImageCell.swift */; };
		6AD9CCFA25611F9100EF4131 /* UIView+Shimmering.swift in Sources */ = {isa = PBXBuildFile; fileRef = 6AD9CCF925611F9100EF4131 /* UIView+Shimmering.swift */; };
		6ADC524325471C0A00A293C4 /* FeedCachePolicy.swift in Sources */ = {isa = PBXBuildFile; fileRef = 6ADC524225471C0A00A293C4 /* FeedCachePolicy.swift */; };
		6AED9C76250FBE2200A3F327 /* EssentialFeed.framework in Frameworks */ = {isa = PBXBuildFile; fileRef = 6AED9C6C250FBE2200A3F327 /* EssentialFeed.framework */; };
		6AED9C7D250FBE2200A3F327 /* EssentialFeed.h in Headers */ = {isa = PBXBuildFile; fileRef = 6AED9C6F250FBE2200A3F327 /* EssentialFeed.h */; settings = {ATTRIBUTES = (Public, ); }; };
		6AED9C87250FBE4A00A3F327 /* FeedItem.swift in Sources */ = {isa = PBXBuildFile; fileRef = 6AED9C86250FBE4A00A3F327 /* FeedItem.swift */; };
		6AED9C89250FBF7D00A3F327 /* FeedLoader.swift in Sources */ = {isa = PBXBuildFile; fileRef = 6AED9C88250FBF7D00A3F327 /* FeedLoader.swift */; };
		6AFF391F256F4D4B0098716E /* FeedImageDataLoader.swift in Sources */ = {isa = PBXBuildFile; fileRef = 6A2723C52562C318007F6243 /* FeedImageDataLoader.swift */; };
/* End PBXBuildFile section */

/* Begin PBXContainerItemProxy section */
		6A3F2227255D81B3002BC821 /* PBXContainerItemProxy */ = {
			isa = PBXContainerItemProxy;
			containerPortal = 6AED9C63250FBE2200A3F327 /* Project object */;
			proxyType = 1;
			remoteGlobalIDString = 6A3F221C255D81B3002BC821;
			remoteInfo = EssentialFeediOS;
		};
		6A82CF3C2559505C00EBBAF1 /* PBXContainerItemProxy */ = {
			isa = PBXContainerItemProxy;
			containerPortal = 6AED9C63250FBE2200A3F327 /* Project object */;
			proxyType = 1;
			remoteGlobalIDString = 6AED9C6B250FBE2200A3F327;
			remoteInfo = EssentialFeed;
		};
		6A94AA352536AAE60042E7EB /* PBXContainerItemProxy */ = {
			isa = PBXContainerItemProxy;
			containerPortal = 6AED9C63250FBE2200A3F327 /* Project object */;
			proxyType = 1;
			remoteGlobalIDString = 6AED9C6B250FBE2200A3F327;
			remoteInfo = EssentialFeed;
		};
		6AA08C8F255EC6E100A6F764 /* PBXContainerItemProxy */ = {
			isa = PBXContainerItemProxy;
			containerPortal = 6AED9C63250FBE2200A3F327 /* Project object */;
			proxyType = 1;
			remoteGlobalIDString = 6AED9C6B250FBE2200A3F327;
			remoteInfo = EssentialFeed;
		};
		6AED9C77250FBE2200A3F327 /* PBXContainerItemProxy */ = {
			isa = PBXContainerItemProxy;
			containerPortal = 6AED9C63250FBE2200A3F327 /* Project object */;
			proxyType = 1;
			remoteGlobalIDString = 6AED9C6B250FBE2200A3F327;
			remoteInfo = EssentialFeed;
		};
/* End PBXContainerItemProxy section */

/* Begin PBXCopyFilesBuildPhase section */
		6AA08C91255EC6E100A6F764 /* Embed Frameworks */ = {
			isa = PBXCopyFilesBuildPhase;
			buildActionMask = 2147483647;
			dstPath = "";
			dstSubfolderSpec = 10;
			files = (
				6AA08C8E255EC6E100A6F764 /* EssentialFeed.framework in Embed Frameworks */,
			);
			name = "Embed Frameworks";
			runOnlyForDeploymentPostprocessing = 0;
		};
/* End PBXCopyFilesBuildPhase section */

/* Begin PBXFileReference section */
		6A02F13F2511110300313C5F /* LoadFeedFromRemoteUseCaseTests.swift */ = {isa = PBXFileReference; lastKnownFileType = sourcecode.swift; path = LoadFeedFromRemoteUseCaseTests.swift; sourceTree = "<group>"; };
		6A03282025908D3E00C7EEBA /* FeedImageDataCache.swift */ = {isa = PBXFileReference; lastKnownFileType = sourcecode.swift; path = FeedImageDataCache.swift; sourceTree = "<group>"; };
		6A03EC702518D47F009360DF /* HTTPClient.swift */ = {isa = PBXFileReference; lastKnownFileType = sourcecode.swift; path = HTTPClient.swift; sourceTree = "<group>"; };
		6A03EC742518D4B6009360DF /* FeedItemMapper.swift */ = {isa = PBXFileReference; lastKnownFileType = sourcecode.swift; path = FeedItemMapper.swift; sourceTree = "<group>"; };
		6A1D98012557A63F00CE8BE5 /* CoreDataFeedStoreTests.swift */ = {isa = PBXFileReference; lastKnownFileType = sourcecode.swift; path = CoreDataFeedStoreTests.swift; sourceTree = "<group>"; };
		6A1D98092557C4F900CE8BE5 /* CoreDataFeedStore.swift */ = {isa = PBXFileReference; lastKnownFileType = sourcecode.swift; path = CoreDataFeedStore.swift; sourceTree = "<group>"; };
		6A1E5F8A2568EA480076A0B2 /* Feed.storyboard */ = {isa = PBXFileReference; lastKnownFileType = file.storyboard; path = Feed.storyboard; sourceTree = "<group>"; };
		6A1E5F912568FDDF0076A0B2 /* Feed.xcassets */ = {isa = PBXFileReference; lastKnownFileType = folder.assetcatalog; path = Feed.xcassets; sourceTree = "<group>"; };
		6A1E5F9D256909D80076A0B2 /* UITableView+Dequeueing.swift */ = {isa = PBXFileReference; lastKnownFileType = sourcecode.swift; path = "UITableView+Dequeueing.swift"; sourceTree = "<group>"; };
		6A1E5FA925690B370076A0B2 /* UIImageView+Animations.swift */ = {isa = PBXFileReference; lastKnownFileType = sourcecode.swift; path = "UIImageView+Animations.swift"; sourceTree = "<group>"; };
		6A1E5FDD25693D340076A0B2 /* FeedLocalizationTests.swift */ = {isa = PBXFileReference; lastKnownFileType = sourcecode.swift; path = FeedLocalizationTests.swift; sourceTree = "<group>"; };
		6A21971525BBEA580068A25C /* LoadImageCommentsFromRemoteUseCaseTests.swift */ = {isa = PBXFileReference; lastKnownFileType = sourcecode.swift; path = LoadImageCommentsFromRemoteUseCaseTests.swift; sourceTree = "<group>"; };
		6A21971C25BBEBB00068A25C /* RemoteImageCommentsLoader.swift */ = {isa = PBXFileReference; lastKnownFileType = sourcecode.swift; path = RemoteImageCommentsLoader.swift; sourceTree = "<group>"; };
		6A21972325BBEC3C0068A25C /* ImageCommentsMapper.swift */ = {isa = PBXFileReference; lastKnownFileType = sourcecode.swift; path = ImageCommentsMapper.swift; sourceTree = "<group>"; };
		6A21972B25BBF3150068A25C /* ImageComment.swift */ = {isa = PBXFileReference; lastKnownFileType = sourcecode.swift; path = ImageComment.swift; sourceTree = "<group>"; };
		6A2401BE25428D38008FF8D5 /* LoadFeedFromCacheUseCaseTests.swift */ = {isa = PBXFileReference; lastKnownFileType = sourcecode.swift; path = LoadFeedFromCacheUseCaseTests.swift; sourceTree = "<group>"; };
		6A2723C52562C318007F6243 /* FeedImageDataLoader.swift */ = {isa = PBXFileReference; lastKnownFileType = sourcecode.swift; path = FeedImageDataLoader.swift; sourceTree = "<group>"; };
		6A2D83982530A62D00E78861 /* URLSessionHTTPClientTests.swift */ = {isa = PBXFileReference; lastKnownFileType = sourcecode.swift; path = URLSessionHTTPClientTests.swift; sourceTree = "<group>"; };
		6A3238C72562D148007DA7B2 /* FeedImageCellController.swift */ = {isa = PBXFileReference; lastKnownFileType = sourcecode.swift; path = FeedImageCellController.swift; sourceTree = "<group>"; };
		6A3325C6256E34F4009E04B6 /* ErrorView.swift */ = {isa = PBXFileReference; lastKnownFileType = sourcecode.swift; path = ErrorView.swift; sourceTree = "<group>"; };
		6A3325DF256E3D19009E04B6 /* UIRefreshControl+Helpers.swift */ = {isa = PBXFileReference; lastKnownFileType = sourcecode.swift; path = "UIRefreshControl+Helpers.swift"; sourceTree = "<group>"; };
		6A3325E7256E533C009E04B6 /* FeedPresenterTests.swift */ = {isa = PBXFileReference; lastKnownFileType = sourcecode.swift; path = FeedPresenterTests.swift; sourceTree = "<group>"; };
		6A3325FB256E5A79009E04B6 /* en */ = {isa = PBXFileReference; lastKnownFileType = text.plist.strings; name = en; path = en.lproj/Feed.strings; sourceTree = "<group>"; };
		6A332602256E5A84009E04B6 /* pt-BR */ = {isa = PBXFileReference; lastKnownFileType = text.plist.strings; name = "pt-BR"; path = "pt-BR.lproj/Feed.strings"; sourceTree = "<group>"; };
		6A332609256E5BB0009E04B6 /* FeedPresenter.swift */ = {isa = PBXFileReference; lastKnownFileType = sourcecode.swift; path = FeedPresenter.swift; sourceTree = "<group>"; };
		6A332620256E5C62009E04B6 /* FeedViewModel.swift */ = {isa = PBXFileReference; lastKnownFileType = sourcecode.swift; path = FeedViewModel.swift; sourceTree = "<group>"; };
		6A332627256E5C7C009E04B6 /* FeedLoadingViewModel.swift */ = {isa = PBXFileReference; lastKnownFileType = sourcecode.swift; path = FeedLoadingViewModel.swift; sourceTree = "<group>"; };
		6A33262E256E5C8E009E04B6 /* FeedErrorViewModel.swift */ = {isa = PBXFileReference; lastKnownFileType = sourcecode.swift; path = FeedErrorViewModel.swift; sourceTree = "<group>"; };
		6A3F221D255D81B3002BC821 /* EssentialFeediOS.framework */ = {isa = PBXFileReference; explicitFileType = wrapper.framework; includeInIndex = 0; path = EssentialFeediOS.framework; sourceTree = BUILT_PRODUCTS_DIR; };
		6A3F2220255D81B3002BC821 /* Info.plist */ = {isa = PBXFileReference; lastKnownFileType = text.plist.xml; path = Info.plist; sourceTree = "<group>"; };
		6A3F2225255D81B3002BC821 /* EssentialFeediOSTests.xctest */ = {isa = PBXFileReference; explicitFileType = wrapper.cfbundle; includeInIndex = 0; path = EssentialFeediOSTests.xctest; sourceTree = BUILT_PRODUCTS_DIR; };
		6A3F222C255D81B3002BC821 /* Info.plist */ = {isa = PBXFileReference; lastKnownFileType = text.plist.xml; path = Info.plist; sourceTree = "<group>"; };
		6A404247254C5D0A0046534E /* FeedStoreSpecs.swift */ = {isa = PBXFileReference; lastKnownFileType = sourcecode.swift; path = FeedStoreSpecs.swift; sourceTree = "<group>"; };
		6A40424C254C5DA20046534E /* XCTestCase+FeedStoreSpecs.swift */ = {isa = PBXFileReference; lastKnownFileType = sourcecode.swift; path = "XCTestCase+FeedStoreSpecs.swift"; sourceTree = "<group>"; };
		6A4A2C252546740300A8BB14 /* ValidateFeedCacheUseCaseTests.swift */ = {isa = PBXFileReference; lastKnownFileType = sourcecode.swift; path = ValidateFeedCacheUseCaseTests.swift; sourceTree = "<group>"; };
		6A4A2C2A2546799000A8BB14 /* FeedCacheTestHelpers.swift */ = {isa = PBXFileReference; lastKnownFileType = sourcecode.swift; path = FeedCacheTestHelpers.swift; sourceTree = "<group>"; };
		6A4A2C2F25467A3D00A8BB14 /* SharedTestHelpers.swift */ = {isa = PBXFileReference; lastKnownFileType = sourcecode.swift; path = SharedTestHelpers.swift; sourceTree = "<group>"; };
		6A5104C82535963000262E2D /* XCTestCase+MemoryLeak.swift */ = {isa = PBXFileReference; lastKnownFileType = sourcecode.swift; path = "XCTestCase+MemoryLeak.swift"; sourceTree = "<group>"; };
		6A5104D02535B49400262E2D /* URLSessionHTTPClient.swift */ = {isa = PBXFileReference; lastKnownFileType = sourcecode.swift; path = URLSessionHTTPClient.swift; sourceTree = "<group>"; };
		6A5EBF262576256A00B80C30 /* LoadFeedImageDataFromCacheUseCaseTests.swift */ = {isa = PBXFileReference; lastKnownFileType = sourcecode.swift; path = LoadFeedImageDataFromCacheUseCaseTests.swift; sourceTree = "<group>"; };
		6A5EBF32257696E000B80C30 /* LocalFeedImageDataLoader.swift */ = {isa = PBXFileReference; lastKnownFileType = sourcecode.swift; path = LocalFeedImageDataLoader.swift; sourceTree = "<group>"; };
		6A5EBF392576970600B80C30 /* FeedImageDataStore.swift */ = {isa = PBXFileReference; lastKnownFileType = sourcecode.swift; path = FeedImageDataStore.swift; sourceTree = "<group>"; };
		6A7E722B25777B4A009C8E38 /* FeedImageDataStoreSpy.swift */ = {isa = PBXFileReference; lastKnownFileType = sourcecode.swift; path = FeedImageDataStoreSpy.swift; sourceTree = "<group>"; };
		6A7E723225777BB0009C8E38 /* CacheFeedImageDataUseCaseTests.swift */ = {isa = PBXFileReference; lastKnownFileType = sourcecode.swift; path = CacheFeedImageDataUseCaseTests.swift; sourceTree = "<group>"; };
		6A7E723925777E27009C8E38 /* CoreDataFeedImageDataStoreTests.swift */ = {isa = PBXFileReference; lastKnownFileType = sourcecode.swift; path = CoreDataFeedImageDataStoreTests.swift; sourceTree = "<group>"; };
		6A7E724025778359009C8E38 /* FeedStore2.xcdatamodel */ = {isa = PBXFileReference; lastKnownFileType = wrapper.xcdatamodel; path = FeedStore2.xcdatamodel; sourceTree = "<group>"; };
		6A7E724625778470009C8E38 /* CoreDataFeedStore+FeedImageDataLoader.swift */ = {isa = PBXFileReference; lastKnownFileType = sourcecode.swift; path = "CoreDataFeedStore+FeedImageDataLoader.swift"; sourceTree = "<group>"; };
		6A7F3378259242A700F9CE77 /* FeedSnapshotTests.swift */ = {isa = PBXFileReference; lastKnownFileType = sourcecode.swift; path = FeedSnapshotTests.swift; sourceTree = "<group>"; };
		6A7F3380259248D400F9CE77 /* UIImage+TestHelpers.swift */ = {isa = PBXFileReference; fileEncoding = 4; lastKnownFileType = sourcecode.swift; path = "UIImage+TestHelpers.swift"; sourceTree = "<group>"; };
		6A7F338C25924DA900F9CE77 /* UITableView+HeaderSizing.swift */ = {isa = PBXFileReference; lastKnownFileType = sourcecode.swift; path = "UITableView+HeaderSizing.swift"; sourceTree = "<group>"; };
		6A82CF362559505C00EBBAF1 /* EssentialFeedCacheIntegrationTests.xctest */ = {isa = PBXFileReference; explicitFileType = wrapper.cfbundle; includeInIndex = 0; path = EssentialFeedCacheIntegrationTests.xctest; sourceTree = BUILT_PRODUCTS_DIR; };
		6A82CF382559505C00EBBAF1 /* EssentialFeedCacheIntegrationTests.swift */ = {isa = PBXFileReference; lastKnownFileType = sourcecode.swift; path = EssentialFeedCacheIntegrationTests.swift; sourceTree = "<group>"; };
		6A82CF3A2559505C00EBBAF1 /* Info.plist */ = {isa = PBXFileReference; lastKnownFileType = text.plist.xml; path = Info.plist; sourceTree = "<group>"; };
		6A895A25256F9D840098D1B8 /* LoadFeedImageDataFromRemoteUseCaseTests.swift */ = {isa = PBXFileReference; lastKnownFileType = sourcecode.swift; path = LoadFeedImageDataFromRemoteUseCaseTests.swift; sourceTree = "<group>"; };
		6A8A5235258FAB660098D426 /* FeedCache.swift */ = {isa = PBXFileReference; lastKnownFileType = sourcecode.swift; path = FeedCache.swift; sourceTree = "<group>"; };
		6A8B7F3125411FE100A2C9D2 /* LocalFeedLoader.swift */ = {isa = PBXFileReference; lastKnownFileType = sourcecode.swift; path = LocalFeedLoader.swift; sourceTree = "<group>"; };
		6A8B7F392541200500A2C9D2 /* FeedStore.swift */ = {isa = PBXFileReference; lastKnownFileType = sourcecode.swift; path = FeedStore.swift; sourceTree = "<group>"; };
		6A94AA2F2536AAE60042E7EB /* EssentialFeedAPIEndToEndTests.xctest */ = {isa = PBXFileReference; explicitFileType = wrapper.cfbundle; includeInIndex = 0; path = EssentialFeedAPIEndToEndTests.xctest; sourceTree = BUILT_PRODUCTS_DIR; };
		6A94AA312536AAE60042E7EB /* EssentialFeedAPIEndToEndTests.swift */ = {isa = PBXFileReference; lastKnownFileType = sourcecode.swift; path = EssentialFeedAPIEndToEndTests.swift; sourceTree = "<group>"; };
		6A94AA332536AAE60042E7EB /* Info.plist */ = {isa = PBXFileReference; lastKnownFileType = text.plist.xml; path = Info.plist; sourceTree = "<group>"; };
		6AA08C9D255ED61E00A6F764 /* FeedViewController.swift */ = {isa = PBXFileReference; lastKnownFileType = sourcecode.swift; path = FeedViewController.swift; sourceTree = "<group>"; };
		6AAA87782572A1EE00BF86EF /* HTTPClientSpy.swift */ = {isa = PBXFileReference; lastKnownFileType = sourcecode.swift; path = HTTPClientSpy.swift; sourceTree = "<group>"; };
		6AAA877F2572A28000BF86EF /* RemoteFeedImageDataLoader.swift */ = {isa = PBXFileReference; lastKnownFileType = sourcecode.swift; path = RemoteFeedImageDataLoader.swift; sourceTree = "<group>"; };
		6AAA87872572AC3A00BF86EF /* HTTPURLResponse+StatusCode.swift */ = {isa = PBXFileReference; lastKnownFileType = sourcecode.swift; path = "HTTPURLResponse+StatusCode.swift"; sourceTree = "<group>"; };
		6AAA87942572ACE000BF86EF /* URLProtocolStub.swift */ = {isa = PBXFileReference; lastKnownFileType = sourcecode.swift; path = URLProtocolStub.swift; sourceTree = "<group>"; };
		6AABEF4E25400A18003C3783 /* CacheFeedUseCaseTests.swift */ = {isa = PBXFileReference; lastKnownFileType = sourcecode.swift; path = CacheFeedUseCaseTests.swift; sourceTree = "<group>"; };
		6AB36075257799F600D882DA /* CoreDataFeedStore+FeedStore.swift */ = {isa = PBXFileReference; lastKnownFileType = sourcecode.swift; path = "CoreDataFeedStore+FeedStore.swift"; sourceTree = "<group>"; };
		6AB402BE25418385002A7F87 /* LocalFeedImage.swift */ = {isa = PBXFileReference; lastKnownFileType = sourcecode.swift; path = LocalFeedImage.swift; sourceTree = "<group>"; };
		6AB402C3254183A5002A7F87 /* RemoteFeedItem.swift */ = {isa = PBXFileReference; lastKnownFileType = sourcecode.swift; path = RemoteFeedItem.swift; sourceTree = "<group>"; };
		6AB491A3251260AB008C86E0 /* RemoteFeedLoader.swift */ = {isa = PBXFileReference; lastKnownFileType = sourcecode.swift; path = RemoteFeedLoader.swift; sourceTree = "<group>"; };
		6AB76CCF256EA15200D3F610 /* FeedImagePresenterTests.swift */ = {isa = PBXFileReference; lastKnownFileType = sourcecode.swift; path = FeedImagePresenterTests.swift; sourceTree = "<group>"; };
		6AB76CD6256EAE1100D3F610 /* FeedImagePresenter.swift */ = {isa = PBXFileReference; lastKnownFileType = sourcecode.swift; path = FeedImagePresenter.swift; sourceTree = "<group>"; };
		6AB76CDD256EAE6D00D3F610 /* FeedImageViewModel.swift */ = {isa = PBXFileReference; lastKnownFileType = sourcecode.swift; path = FeedImageViewModel.swift; sourceTree = "<group>"; };
		6AB76D09256EB41900D3F610 /* EssentialFeediOS.h */ = {isa = PBXFileReference; fileEncoding = 4; lastKnownFileType = sourcecode.c.h; path = EssentialFeediOS.h; sourceTree = "<group>"; };
		6AD58FD025431701001D9D6E /* FeedStoreSpy.swift */ = {isa = PBXFileReference; lastKnownFileType = sourcecode.swift; path = FeedStoreSpy.swift; sourceTree = "<group>"; };
		6AD9CCF22560F18F00EF4131 /* FeedImageCell.swift */ = {isa = PBXFileReference; lastKnownFileType = sourcecode.swift; path = FeedImageCell.swift; sourceTree = "<group>"; };
		6AD9CCF925611F9100EF4131 /* UIView+Shimmering.swift */ = {isa = PBXFileReference; lastKnownFileType = sourcecode.swift; path = "UIView+Shimmering.swift"; sourceTree = "<group>"; };
		6ADC524225471C0A00A293C4 /* FeedCachePolicy.swift */ = {isa = PBXFileReference; lastKnownFileType = sourcecode.swift; path = FeedCachePolicy.swift; sourceTree = "<group>"; };
		6AED9C6C250FBE2200A3F327 /* EssentialFeed.framework */ = {isa = PBXFileReference; explicitFileType = wrapper.framework; includeInIndex = 0; path = EssentialFeed.framework; sourceTree = BUILT_PRODUCTS_DIR; };
		6AED9C6F250FBE2200A3F327 /* EssentialFeed.h */ = {isa = PBXFileReference; lastKnownFileType = sourcecode.c.h; path = EssentialFeed.h; sourceTree = "<group>"; };
		6AED9C70250FBE2200A3F327 /* Info.plist */ = {isa = PBXFileReference; lastKnownFileType = text.plist.xml; path = Info.plist; sourceTree = "<group>"; };
		6AED9C75250FBE2200A3F327 /* EssentialFeedTests.xctest */ = {isa = PBXFileReference; explicitFileType = wrapper.cfbundle; includeInIndex = 0; path = EssentialFeedTests.xctest; sourceTree = BUILT_PRODUCTS_DIR; };
		6AED9C7C250FBE2200A3F327 /* Info.plist */ = {isa = PBXFileReference; lastKnownFileType = text.plist.xml; path = Info.plist; sourceTree = "<group>"; };
		6AED9C86250FBE4A00A3F327 /* FeedItem.swift */ = {isa = PBXFileReference; lastKnownFileType = sourcecode.swift; path = FeedItem.swift; sourceTree = "<group>"; };
		6AED9C88250FBF7D00A3F327 /* FeedLoader.swift */ = {isa = PBXFileReference; lastKnownFileType = sourcecode.swift; path = FeedLoader.swift; sourceTree = "<group>"; };
		6AF0C529255455C000D014FE /* FeedStore.xcdatamodel */ = {isa = PBXFileReference; lastKnownFileType = wrapper.xcdatamodel; path = FeedStore.xcdatamodel; sourceTree = "<group>"; };
		6AF0C52E2554566800D014FE /* ManagedCache.swift */ = {isa = PBXFileReference; lastKnownFileType = sourcecode.swift; path = ManagedCache.swift; sourceTree = "<group>"; };
		6AF0C533255456F000D014FE /* ManagedFeedImage.swift */ = {isa = PBXFileReference; lastKnownFileType = sourcecode.swift; path = ManagedFeedImage.swift; sourceTree = "<group>"; };
/* End PBXFileReference section */

/* Begin PBXFrameworksBuildPhase section */
		6A3F221A255D81B3002BC821 /* Frameworks */ = {
			isa = PBXFrameworksBuildPhase;
			buildActionMask = 2147483647;
			files = (
				6AA08C8D255EC6E100A6F764 /* EssentialFeed.framework in Frameworks */,
			);
			runOnlyForDeploymentPostprocessing = 0;
		};
		6A3F2222255D81B3002BC821 /* Frameworks */ = {
			isa = PBXFrameworksBuildPhase;
			buildActionMask = 2147483647;
			files = (
				6A3F2226255D81B3002BC821 /* EssentialFeediOS.framework in Frameworks */,
			);
			runOnlyForDeploymentPostprocessing = 0;
		};
		6A82CF332559505C00EBBAF1 /* Frameworks */ = {
			isa = PBXFrameworksBuildPhase;
			buildActionMask = 2147483647;
			files = (
				6A82CF3B2559505C00EBBAF1 /* EssentialFeed.framework in Frameworks */,
			);
			runOnlyForDeploymentPostprocessing = 0;
		};
		6A94AA2C2536AAE60042E7EB /* Frameworks */ = {
			isa = PBXFrameworksBuildPhase;
			buildActionMask = 2147483647;
			files = (
				6A94AA342536AAE60042E7EB /* EssentialFeed.framework in Frameworks */,
			);
			runOnlyForDeploymentPostprocessing = 0;
		};
		6AED9C69250FBE2200A3F327 /* Frameworks */ = {
			isa = PBXFrameworksBuildPhase;
			buildActionMask = 2147483647;
			files = (
			);
			runOnlyForDeploymentPostprocessing = 0;
		};
		6AED9C72250FBE2200A3F327 /* Frameworks */ = {
			isa = PBXFrameworksBuildPhase;
			buildActionMask = 2147483647;
			files = (
				6AED9C76250FBE2200A3F327 /* EssentialFeed.framework in Frameworks */,
			);
			runOnlyForDeploymentPostprocessing = 0;
		};
/* End PBXFrameworksBuildPhase section */

/* Begin PBXGroup section */
		6A03EC7C2518ED7C009360DF /* Feed API */ = {
			isa = PBXGroup;
			children = (
				6AAA87932572ACD200BF86EF /* Helpers */,
				6A02F13F2511110300313C5F /* LoadFeedFromRemoteUseCaseTests.swift */,
				6A2D83982530A62D00E78861 /* URLSessionHTTPClientTests.swift */,
				6A895A25256F9D840098D1B8 /* LoadFeedImageDataFromRemoteUseCaseTests.swift */,
				6A21971525BBEA580068A25C /* LoadImageCommentsFromRemoteUseCaseTests.swift */,
			);
			path = "Feed API";
			sourceTree = "<group>";
		};
		6A21972A25BBF2FA0068A25C /* Image Comment Feature */ = {
			isa = PBXGroup;
			children = (
				6A21972B25BBF3150068A25C /* ImageComment.swift */,
			);
			path = "Image Comment Feature";
			sourceTree = "<group>";
		};
		6A2723D12562C334007F6243 /* Feed UI */ = {
			isa = PBXGroup;
			children = (
				6A2723D22562C33E007F6243 /* Controllers */,
				6A2723D32562C346007F6243 /* Views */,
			);
			path = "Feed UI";
			sourceTree = "<group>";
		};
		6A2723D22562C33E007F6243 /* Controllers */ = {
			isa = PBXGroup;
			children = (
				6AA08C9D255ED61E00A6F764 /* FeedViewController.swift */,
				6A3238C72562D148007DA7B2 /* FeedImageCellController.swift */,
			);
			path = Controllers;
			sourceTree = "<group>";
		};
		6A2723D32562C346007F6243 /* Views */ = {
			isa = PBXGroup;
			children = (
				6A3325CD256E3C91009E04B6 /* Helpers */,
				6AD9CCF22560F18F00EF4131 /* FeedImageCell.swift */,
				6A1E5F8A2568EA480076A0B2 /* Feed.storyboard */,
				6A1E5F912568FDDF0076A0B2 /* Feed.xcassets */,
				6A3325C6256E34F4009E04B6 /* ErrorView.swift */,
			);
			path = Views;
			sourceTree = "<group>";
		};
		6A3325CD256E3C91009E04B6 /* Helpers */ = {
			isa = PBXGroup;
			children = (
				6AD9CCF925611F9100EF4131 /* UIView+Shimmering.swift */,
				6A1E5F9D256909D80076A0B2 /* UITableView+Dequeueing.swift */,
				6A1E5FA925690B370076A0B2 /* UIImageView+Animations.swift */,
				6A3325DF256E3D19009E04B6 /* UIRefreshControl+Helpers.swift */,
				6A7F338C25924DA900F9CE77 /* UITableView+HeaderSizing.swift */,
			);
			path = Helpers;
			sourceTree = "<group>";
		};
		6A3325E6256E532C009E04B6 /* Feed Presentation */ = {
			isa = PBXGroup;
			children = (
				6A3325E7256E533C009E04B6 /* FeedPresenterTests.swift */,
				6A1E5FDD25693D340076A0B2 /* FeedLocalizationTests.swift */,
				6AB76CCF256EA15200D3F610 /* FeedImagePresenterTests.swift */,
			);
			path = "Feed Presentation";
			sourceTree = "<group>";
		};
		6A332608256E5BA3009E04B6 /* Feed Presentation */ = {
			isa = PBXGroup;
			children = (
				6A332609256E5BB0009E04B6 /* FeedPresenter.swift */,
				6A3325FC256E5A79009E04B6 /* Feed.strings */,
				6A332620256E5C62009E04B6 /* FeedViewModel.swift */,
				6A332627256E5C7C009E04B6 /* FeedLoadingViewModel.swift */,
				6A33262E256E5C8E009E04B6 /* FeedErrorViewModel.swift */,
				6AB76CD6256EAE1100D3F610 /* FeedImagePresenter.swift */,
				6AB76CDD256EAE6D00D3F610 /* FeedImageViewModel.swift */,
			);
			path = "Feed Presentation";
			sourceTree = "<group>";
		};
		6A3F221E255D81B3002BC821 /* EssentialFeediOS */ = {
			isa = PBXGroup;
			children = (
				6AB76D09256EB41900D3F610 /* EssentialFeediOS.h */,
				6A3F2220255D81B3002BC821 /* Info.plist */,
				6A2723D12562C334007F6243 /* Feed UI */,
			);
			path = EssentialFeediOS;
			sourceTree = "<group>";
		};
		6A3F2229255D81B3002BC821 /* EssentialFeediOSTests */ = {
			isa = PBXGroup;
			children = (
				6A7F337F259248C800F9CE77 /* Helpers */,
				6A3F222C255D81B3002BC821 /* Info.plist */,
				6A7F3378259242A700F9CE77 /* FeedSnapshotTests.swift */,
			);
			path = EssentialFeediOSTests;
			sourceTree = "<group>";
		};
		6A5104C72535961600262E2D /* Helpers */ = {
			isa = PBXGroup;
			children = (
				6A5104C82535963000262E2D /* XCTestCase+MemoryLeak.swift */,
				6A4A2C2F25467A3D00A8BB14 /* SharedTestHelpers.swift */,
			);
			path = Helpers;
			sourceTree = "<group>";
		};
		6A7F337F259248C800F9CE77 /* Helpers */ = {
			isa = PBXGroup;
			children = (
				6A7F3380259248D400F9CE77 /* UIImage+TestHelpers.swift */,
			);
			path = Helpers;
			sourceTree = "<group>";
		};
		6A82CF372559505C00EBBAF1 /* EssentialFeedCacheIntegrationTests */ = {
			isa = PBXGroup;
			children = (
				6A82CF382559505C00EBBAF1 /* EssentialFeedCacheIntegrationTests.swift */,
				6A82CF3A2559505C00EBBAF1 /* Info.plist */,
			);
			path = EssentialFeedCacheIntegrationTests;
			sourceTree = "<group>";
		};
		6A82CF542559831C00EBBAF1 /* Infrastructure */ = {
			isa = PBXGroup;
			children = (
				6AF0C5272554559100D014FE /* CoreData */,
			);
			path = Infrastructure;
			sourceTree = "<group>";
		};
		6A8B7F3025411FD500A2C9D2 /* Feed Cache */ = {
			isa = PBXGroup;
			children = (
				6A82CF542559831C00EBBAF1 /* Infrastructure */,
				6A8B7F3125411FE100A2C9D2 /* LocalFeedLoader.swift */,
				6A8B7F392541200500A2C9D2 /* FeedStore.swift */,
				6AB402BE25418385002A7F87 /* LocalFeedImage.swift */,
				6ADC524225471C0A00A293C4 /* FeedCachePolicy.swift */,
				6A5EBF32257696E000B80C30 /* LocalFeedImageDataLoader.swift */,
				6A5EBF392576970600B80C30 /* FeedImageDataStore.swift */,
			);
			path = "Feed Cache";
			sourceTree = "<group>";
		};
		6A94AA302536AAE60042E7EB /* EssentialFeedAPIEndToEndTests */ = {
			isa = PBXGroup;
			children = (
				6A94AA312536AAE60042E7EB /* EssentialFeedAPIEndToEndTests.swift */,
				6A94AA332536AAE60042E7EB /* Info.plist */,
			);
			path = EssentialFeedAPIEndToEndTests;
			sourceTree = "<group>";
		};
		6AA08C8C255EC6E100A6F764 /* Frameworks */ = {
			isa = PBXGroup;
			children = (
			);
			name = Frameworks;
			sourceTree = "<group>";
		};
		6AAA87862572AC3100BF86EF /* Helpers */ = {
			isa = PBXGroup;
			children = (
				6AAA87872572AC3A00BF86EF /* HTTPURLResponse+StatusCode.swift */,
			);
			path = Helpers;
			sourceTree = "<group>";
		};
		6AAA87932572ACD200BF86EF /* Helpers */ = {
			isa = PBXGroup;
			children = (
				6AAA87782572A1EE00BF86EF /* HTTPClientSpy.swift */,
				6AAA87942572ACE000BF86EF /* URLProtocolStub.swift */,
			);
			path = Helpers;
			sourceTree = "<group>";
		};
		6AABEF4D254009FB003C3783 /* Feed Cache */ = {
			isa = PBXGroup;
			children = (
				6AD58FCC254316ED001D9D6E /* Helpers */,
				6AABEF4E25400A18003C3783 /* CacheFeedUseCaseTests.swift */,
				6A2401BE25428D38008FF8D5 /* LoadFeedFromCacheUseCaseTests.swift */,
				6A4A2C252546740300A8BB14 /* ValidateFeedCacheUseCaseTests.swift */,
				6A404247254C5D0A0046534E /* FeedStoreSpecs.swift */,
				6A1D98012557A63F00CE8BE5 /* CoreDataFeedStoreTests.swift */,
				6A5EBF262576256A00B80C30 /* LoadFeedImageDataFromCacheUseCaseTests.swift */,
				6A7E723225777BB0009C8E38 /* CacheFeedImageDataUseCaseTests.swift */,
				6A7E723925777E27009C8E38 /* CoreDataFeedImageDataStoreTests.swift */,
			);
			path = "Feed Cache";
			sourceTree = "<group>";
		};
		6AB491A225126053008C86E0 /* Feed API */ = {
			isa = PBXGroup;
			children = (
				6AAA87862572AC3100BF86EF /* Helpers */,
				6AB491A3251260AB008C86E0 /* RemoteFeedLoader.swift */,
				6A03EC702518D47F009360DF /* HTTPClient.swift */,
				6A03EC742518D4B6009360DF /* FeedItemMapper.swift */,
				6A5104D02535B49400262E2D /* URLSessionHTTPClient.swift */,
				6AB402C3254183A5002A7F87 /* RemoteFeedItem.swift */,
				6AAA877F2572A28000BF86EF /* RemoteFeedImageDataLoader.swift */,
				6A21971C25BBEBB00068A25C /* RemoteImageCommentsLoader.swift */,
				6A21972325BBEC3C0068A25C /* ImageCommentsMapper.swift */,
			);
			path = "Feed API";
			sourceTree = "<group>";
		};
		6AD58FCC254316ED001D9D6E /* Helpers */ = {
			isa = PBXGroup;
			children = (
				6A40424C254C5DA20046534E /* XCTestCase+FeedStoreSpecs.swift */,
				6AD58FD025431701001D9D6E /* FeedStoreSpy.swift */,
				6A4A2C2A2546799000A8BB14 /* FeedCacheTestHelpers.swift */,
				6A7E722B25777B4A009C8E38 /* FeedImageDataStoreSpy.swift */,
			);
			path = Helpers;
			sourceTree = "<group>";
		};
		6AED9C62250FBE2200A3F327 = {
			isa = PBXGroup;
			children = (
				6AED9C6E250FBE2200A3F327 /* EssentialFeed */,
				6AED9C79250FBE2200A3F327 /* EssentialFeedTests */,
				6A94AA302536AAE60042E7EB /* EssentialFeedAPIEndToEndTests */,
				6A82CF372559505C00EBBAF1 /* EssentialFeedCacheIntegrationTests */,
				6A3F221E255D81B3002BC821 /* EssentialFeediOS */,
				6A3F2229255D81B3002BC821 /* EssentialFeediOSTests */,
				6AED9C6D250FBE2200A3F327 /* Products */,
				6AA08C8C255EC6E100A6F764 /* Frameworks */,
			);
			sourceTree = "<group>";
		};
		6AED9C6D250FBE2200A3F327 /* Products */ = {
			isa = PBXGroup;
			children = (
				6AED9C6C250FBE2200A3F327 /* EssentialFeed.framework */,
				6AED9C75250FBE2200A3F327 /* EssentialFeedTests.xctest */,
				6A94AA2F2536AAE60042E7EB /* EssentialFeedAPIEndToEndTests.xctest */,
				6A82CF362559505C00EBBAF1 /* EssentialFeedCacheIntegrationTests.xctest */,
				6A3F221D255D81B3002BC821 /* EssentialFeediOS.framework */,
				6A3F2225255D81B3002BC821 /* EssentialFeediOSTests.xctest */,
			);
			name = Products;
			sourceTree = "<group>";
		};
		6AED9C6E250FBE2200A3F327 /* EssentialFeed */ = {
			isa = PBXGroup;
			children = (
				6A21972A25BBF2FA0068A25C /* Image Comment Feature */,
				6A332608256E5BA3009E04B6 /* Feed Presentation */,
				6A8B7F3025411FD500A2C9D2 /* Feed Cache */,
				6AB491A225126053008C86E0 /* Feed API */,
				6AED9C8A250FC0B500A3F327 /* Feed Feature */,
				6AED9C6F250FBE2200A3F327 /* EssentialFeed.h */,
				6AED9C70250FBE2200A3F327 /* Info.plist */,
			);
			path = EssentialFeed;
			sourceTree = "<group>";
		};
		6AED9C79250FBE2200A3F327 /* EssentialFeedTests */ = {
			isa = PBXGroup;
			children = (
				6A3325E6256E532C009E04B6 /* Feed Presentation */,
				6A5104C72535961600262E2D /* Helpers */,
				6A03EC7C2518ED7C009360DF /* Feed API */,
				6AABEF4D254009FB003C3783 /* Feed Cache */,
				6AED9C7C250FBE2200A3F327 /* Info.plist */,
			);
			path = EssentialFeedTests;
			sourceTree = "<group>";
		};
		6AED9C8A250FC0B500A3F327 /* Feed Feature */ = {
			isa = PBXGroup;
			children = (
				6AED9C86250FBE4A00A3F327 /* FeedItem.swift */,
				6AED9C88250FBF7D00A3F327 /* FeedLoader.swift */,
				6A8A5235258FAB660098D426 /* FeedCache.swift */,
				6A2723C52562C318007F6243 /* FeedImageDataLoader.swift */,
				6A03282025908D3E00C7EEBA /* FeedImageDataCache.swift */,
			);
			path = "Feed Feature";
			sourceTree = "<group>";
		};
		6AF0C5272554559100D014FE /* CoreData */ = {
			isa = PBXGroup;
			children = (
				6AF0C528255455C000D014FE /* FeedStore.xcdatamodeld */,
				6AF0C52E2554566800D014FE /* ManagedCache.swift */,
				6AF0C533255456F000D014FE /* ManagedFeedImage.swift */,
				6A1D98092557C4F900CE8BE5 /* CoreDataFeedStore.swift */,
				6A7E724625778470009C8E38 /* CoreDataFeedStore+FeedImageDataLoader.swift */,
				6AB36075257799F600D882DA /* CoreDataFeedStore+FeedStore.swift */,
			);
			path = CoreData;
			sourceTree = "<group>";
		};
/* End PBXGroup section */

/* Begin PBXHeadersBuildPhase section */
		6A3F2218255D81B3002BC821 /* Headers */ = {
			isa = PBXHeadersBuildPhase;
			buildActionMask = 2147483647;
			files = (
				6AB76D0A256EB41900D3F610 /* EssentialFeediOS.h in Headers */,
			);
			runOnlyForDeploymentPostprocessing = 0;
		};
		6AED9C67250FBE2200A3F327 /* Headers */ = {
			isa = PBXHeadersBuildPhase;
			buildActionMask = 2147483647;
			files = (
				6AED9C7D250FBE2200A3F327 /* EssentialFeed.h in Headers */,
			);
			runOnlyForDeploymentPostprocessing = 0;
		};
/* End PBXHeadersBuildPhase section */

/* Begin PBXNativeTarget section */
		6A3F221C255D81B3002BC821 /* EssentialFeediOS */ = {
			isa = PBXNativeTarget;
			buildConfigurationList = 6A3F2232255D81B3002BC821 /* Build configuration list for PBXNativeTarget "EssentialFeediOS" */;
			buildPhases = (
				6A3F2218255D81B3002BC821 /* Headers */,
				6A3F2219255D81B3002BC821 /* Sources */,
				6A3F221A255D81B3002BC821 /* Frameworks */,
				6A3F221B255D81B3002BC821 /* Resources */,
				6AA08C91255EC6E100A6F764 /* Embed Frameworks */,
			);
			buildRules = (
			);
			dependencies = (
				6AA08C90255EC6E100A6F764 /* PBXTargetDependency */,
			);
			name = EssentialFeediOS;
			productName = EssentialFeediOS;
			productReference = 6A3F221D255D81B3002BC821 /* EssentialFeediOS.framework */;
			productType = "com.apple.product-type.framework";
		};
		6A3F2224255D81B3002BC821 /* EssentialFeediOSTests */ = {
			isa = PBXNativeTarget;
			buildConfigurationList = 6A3F2233255D81B3002BC821 /* Build configuration list for PBXNativeTarget "EssentialFeediOSTests" */;
			buildPhases = (
				6A3F2221255D81B3002BC821 /* Sources */,
				6A3F2222255D81B3002BC821 /* Frameworks */,
				6A3F2223255D81B3002BC821 /* Resources */,
			);
			buildRules = (
			);
			dependencies = (
				6A3F2228255D81B3002BC821 /* PBXTargetDependency */,
			);
			name = EssentialFeediOSTests;
			productName = EssentialFeediOSTests;
			productReference = 6A3F2225255D81B3002BC821 /* EssentialFeediOSTests.xctest */;
			productType = "com.apple.product-type.bundle.unit-test";
		};
		6A82CF352559505C00EBBAF1 /* EssentialFeedCacheIntegrationTests */ = {
			isa = PBXNativeTarget;
			buildConfigurationList = 6A82CF402559505C00EBBAF1 /* Build configuration list for PBXNativeTarget "EssentialFeedCacheIntegrationTests" */;
			buildPhases = (
				6A82CF322559505C00EBBAF1 /* Sources */,
				6A82CF332559505C00EBBAF1 /* Frameworks */,
				6A82CF342559505C00EBBAF1 /* Resources */,
			);
			buildRules = (
			);
			dependencies = (
				6A82CF3D2559505C00EBBAF1 /* PBXTargetDependency */,
			);
			name = EssentialFeedCacheIntegrationTests;
			productName = EssentialFeedCacheIntegrationTests;
			productReference = 6A82CF362559505C00EBBAF1 /* EssentialFeedCacheIntegrationTests.xctest */;
			productType = "com.apple.product-type.bundle.unit-test";
		};
		6A94AA2E2536AAE60042E7EB /* EssentialFeedAPIEndToEndTests */ = {
			isa = PBXNativeTarget;
			buildConfigurationList = 6A94AA392536AAE60042E7EB /* Build configuration list for PBXNativeTarget "EssentialFeedAPIEndToEndTests" */;
			buildPhases = (
				6A94AA2B2536AAE60042E7EB /* Sources */,
				6A94AA2C2536AAE60042E7EB /* Frameworks */,
				6A94AA2D2536AAE60042E7EB /* Resources */,
			);
			buildRules = (
			);
			dependencies = (
				6A94AA362536AAE60042E7EB /* PBXTargetDependency */,
			);
			name = EssentialFeedAPIEndToEndTests;
			productName = EssentialFeedAPIEndToEndTests;
			productReference = 6A94AA2F2536AAE60042E7EB /* EssentialFeedAPIEndToEndTests.xctest */;
			productType = "com.apple.product-type.bundle.unit-test";
		};
		6AED9C6B250FBE2200A3F327 /* EssentialFeed */ = {
			isa = PBXNativeTarget;
			buildConfigurationList = 6AED9C80250FBE2200A3F327 /* Build configuration list for PBXNativeTarget "EssentialFeed" */;
			buildPhases = (
				6AED9C67250FBE2200A3F327 /* Headers */,
				6AED9C68250FBE2200A3F327 /* Sources */,
				6AED9C69250FBE2200A3F327 /* Frameworks */,
				6AED9C6A250FBE2200A3F327 /* Resources */,
			);
			buildRules = (
			);
			dependencies = (
			);
			name = EssentialFeed;
			productName = EssentialFeed;
			productReference = 6AED9C6C250FBE2200A3F327 /* EssentialFeed.framework */;
			productType = "com.apple.product-type.framework";
		};
		6AED9C74250FBE2200A3F327 /* EssentialFeedTests */ = {
			isa = PBXNativeTarget;
			buildConfigurationList = 6AED9C83250FBE2200A3F327 /* Build configuration list for PBXNativeTarget "EssentialFeedTests" */;
			buildPhases = (
				6AED9C71250FBE2200A3F327 /* Sources */,
				6AED9C72250FBE2200A3F327 /* Frameworks */,
				6AED9C73250FBE2200A3F327 /* Resources */,
			);
			buildRules = (
			);
			dependencies = (
				6AED9C78250FBE2200A3F327 /* PBXTargetDependency */,
			);
			name = EssentialFeedTests;
			productName = EssentialFeedTests;
			productReference = 6AED9C75250FBE2200A3F327 /* EssentialFeedTests.xctest */;
			productType = "com.apple.product-type.bundle.unit-test";
		};
/* End PBXNativeTarget section */

/* Begin PBXProject section */
		6AED9C63250FBE2200A3F327 /* Project object */ = {
			isa = PBXProject;
			attributes = {
				LastSwiftUpdateCheck = 1200;
				LastUpgradeCheck = 1200;
				ORGANIZATIONNAME = "Khoi Nguyen";
				TargetAttributes = {
					6A3F221C255D81B3002BC821 = {
						CreatedOnToolsVersion = 12.0;
						LastSwiftMigration = 1200;
					};
					6A3F2224255D81B3002BC821 = {
						CreatedOnToolsVersion = 12.0;
						LastSwiftMigration = 1200;
					};
					6A82CF352559505C00EBBAF1 = {
						CreatedOnToolsVersion = 12.0;
					};
					6A94AA2E2536AAE60042E7EB = {
						CreatedOnToolsVersion = 12.0;
					};
					6AED9C6B250FBE2200A3F327 = {
						CreatedOnToolsVersion = 11.7;
						LastSwiftMigration = 1170;
					};
					6AED9C74250FBE2200A3F327 = {
						CreatedOnToolsVersion = 11.7;
					};
				};
			};
			buildConfigurationList = 6AED9C66250FBE2200A3F327 /* Build configuration list for PBXProject "EssentialFeed" */;
			compatibilityVersion = "Xcode 9.3";
			developmentRegion = en;
			hasScannedForEncodings = 0;
			knownRegions = (
				en,
				"pt-BR",
				Base,
			);
			mainGroup = 6AED9C62250FBE2200A3F327;
			productRefGroup = 6AED9C6D250FBE2200A3F327 /* Products */;
			projectDirPath = "";
			projectRoot = "";
			targets = (
				6AED9C6B250FBE2200A3F327 /* EssentialFeed */,
				6AED9C74250FBE2200A3F327 /* EssentialFeedTests */,
				6A94AA2E2536AAE60042E7EB /* EssentialFeedAPIEndToEndTests */,
				6A82CF352559505C00EBBAF1 /* EssentialFeedCacheIntegrationTests */,
				6A3F221C255D81B3002BC821 /* EssentialFeediOS */,
				6A3F2224255D81B3002BC821 /* EssentialFeediOSTests */,
			);
		};
/* End PBXProject section */

/* Begin PBXResourcesBuildPhase section */
		6A3F221B255D81B3002BC821 /* Resources */ = {
			isa = PBXResourcesBuildPhase;
			buildActionMask = 2147483647;
			files = (
				6A1E5F8B2568EA480076A0B2 /* Feed.storyboard in Resources */,
				6A1E5F922568FDDF0076A0B2 /* Feed.xcassets in Resources */,
			);
			runOnlyForDeploymentPostprocessing = 0;
		};
		6A3F2223255D81B3002BC821 /* Resources */ = {
			isa = PBXResourcesBuildPhase;
			buildActionMask = 2147483647;
			files = (
			);
			runOnlyForDeploymentPostprocessing = 0;
		};
		6A82CF342559505C00EBBAF1 /* Resources */ = {
			isa = PBXResourcesBuildPhase;
			buildActionMask = 2147483647;
			files = (
			);
			runOnlyForDeploymentPostprocessing = 0;
		};
		6A94AA2D2536AAE60042E7EB /* Resources */ = {
			isa = PBXResourcesBuildPhase;
			buildActionMask = 2147483647;
			files = (
			);
			runOnlyForDeploymentPostprocessing = 0;
		};
		6AED9C6A250FBE2200A3F327 /* Resources */ = {
			isa = PBXResourcesBuildPhase;
			buildActionMask = 2147483647;
			files = (
				6A33261A256E5C2A009E04B6 /* Feed.strings in Resources */,
			);
			runOnlyForDeploymentPostprocessing = 0;
		};
		6AED9C73250FBE2200A3F327 /* Resources */ = {
			isa = PBXResourcesBuildPhase;
			buildActionMask = 2147483647;
			files = (
			);
			runOnlyForDeploymentPostprocessing = 0;
		};
/* End PBXResourcesBuildPhase section */

/* Begin PBXSourcesBuildPhase section */
		6A3F2219255D81B3002BC821 /* Sources */ = {
			isa = PBXSourcesBuildPhase;
			buildActionMask = 2147483647;
			files = (
				6A7F338D25924DA900F9CE77 /* UITableView+HeaderSizing.swift in Sources */,
				6A3325C7256E34F4009E04B6 /* ErrorView.swift in Sources */,
				6A3325E0256E3D19009E04B6 /* UIRefreshControl+Helpers.swift in Sources */,
				6AD9CCFA25611F9100EF4131 /* UIView+Shimmering.swift in Sources */,
				6A1E5F9E256909D80076A0B2 /* UITableView+Dequeueing.swift in Sources */,
				6A1E5FAA25690B370076A0B2 /* UIImageView+Animations.swift in Sources */,
				6AA08C9E255ED61E00A6F764 /* FeedViewController.swift in Sources */,
				6AD9CCF32560F18F00EF4131 /* FeedImageCell.swift in Sources */,
				6A3238C82562D148007DA7B2 /* FeedImageCellController.swift in Sources */,
			);
			runOnlyForDeploymentPostprocessing = 0;
		};
		6A3F2221255D81B3002BC821 /* Sources */ = {
			isa = PBXSourcesBuildPhase;
			buildActionMask = 2147483647;
			files = (
				6AA08C97255EC75600A6F764 /* XCTestCase+MemoryLeak.swift in Sources */,
				6A7F3379259242A700F9CE77 /* FeedSnapshotTests.swift in Sources */,
				6A7F3381259248D400F9CE77 /* UIImage+TestHelpers.swift in Sources */,
			);
			runOnlyForDeploymentPostprocessing = 0;
		};
		6A82CF322559505C00EBBAF1 /* Sources */ = {
			isa = PBXSourcesBuildPhase;
			buildActionMask = 2147483647;
			files = (
				6A82CF4F25595C2A00EBBAF1 /* SharedTestHelpers.swift in Sources */,
				6A82CF452559534000EBBAF1 /* XCTestCase+MemoryLeak.swift in Sources */,
				6A82CF4A25595A4A00EBBAF1 /* FeedCacheTestHelpers.swift in Sources */,
				6A82CF392559505C00EBBAF1 /* EssentialFeedCacheIntegrationTests.swift in Sources */,
			);
			runOnlyForDeploymentPostprocessing = 0;
		};
		6A94AA2B2536AAE60042E7EB /* Sources */ = {
			isa = PBXSourcesBuildPhase;
			buildActionMask = 2147483647;
			files = (
				6A41DE422536BFF600A73A0F /* XCTestCase+MemoryLeak.swift in Sources */,
				6A94AA322536AAE60042E7EB /* EssentialFeedAPIEndToEndTests.swift in Sources */,
			);
			runOnlyForDeploymentPostprocessing = 0;
		};
		6AED9C68250FBE2200A3F327 /* Sources */ = {
			isa = PBXSourcesBuildPhase;
			buildActionMask = 2147483647;
			files = (
				6A1D98182557E86A00CE8BE5 /* ManagedFeedImage.swift in Sources */,
				6A332621256E5C62009E04B6 /* FeedViewModel.swift in Sources */,
				6A21972425BBEC3C0068A25C /* ImageCommentsMapper.swift in Sources */,
				6AED9C89250FBF7D00A3F327 /* FeedLoader.swift in Sources */,
				6A03EC752518D4B6009360DF /* FeedItemMapper.swift in Sources */,
				6AB491A4251260AB008C86E0 /* RemoteFeedLoader.swift in Sources */,
				6A7E724725778470009C8E38 /* CoreDataFeedStore+FeedImageDataLoader.swift in Sources */,
				6A8A5236258FAB660098D426 /* FeedCache.swift in Sources */,
				6ADC524325471C0A00A293C4 /* FeedCachePolicy.swift in Sources */,
				6A8B7F3A2541200500A2C9D2 /* FeedStore.swift in Sources */,
				6AB36076257799F600D882DA /* CoreDataFeedStore+FeedStore.swift in Sources */,
				6A332628256E5C7C009E04B6 /* FeedLoadingViewModel.swift in Sources */,
				6A1D980E2557D55C00CE8BE5 /* FeedStore.xcdatamodeld in Sources */,
				6A5EBF33257696E000B80C30 /* LocalFeedImageDataLoader.swift in Sources */,
				6AB402BF25418385002A7F87 /* LocalFeedImage.swift in Sources */,
				6A8B7F3225411FE100A2C9D2 /* LocalFeedLoader.swift in Sources */,
				6AB402C4254183A5002A7F87 /* RemoteFeedItem.swift in Sources */,
				6A21972C25BBF3150068A25C /* ImageComment.swift in Sources */,
				6A33260A256E5BB0009E04B6 /* FeedPresenter.swift in Sources */,
				6A03EC712518D47F009360DF /* HTTPClient.swift in Sources */,
				6A5EBF3A2576970600B80C30 /* FeedImageDataStore.swift in Sources */,
				6AB76CDE256EAE6D00D3F610 /* FeedImageViewModel.swift in Sources */,
				6AB76CD7256EAE1100D3F610 /* FeedImagePresenter.swift in Sources */,
				6AED9C87250FBE4A00A3F327 /* FeedItem.swift in Sources */,
				6A03282125908D3E00C7EEBA /* FeedImageDataCache.swift in Sources */,
				6A5104D12535B49400262E2D /* URLSessionHTTPClient.swift in Sources */,
				6A21971D25BBEBB00068A25C /* RemoteImageCommentsLoader.swift in Sources */,
				6AAA87802572A28000BF86EF /* RemoteFeedImageDataLoader.swift in Sources */,
				6A33262F256E5C8E009E04B6 /* FeedErrorViewModel.swift in Sources */,
				6A1D981F2557E86D00CE8BE5 /* ManagedCache.swift in Sources */,
				6AFF391F256F4D4B0098716E /* FeedImageDataLoader.swift in Sources */,
				6AAA87882572AC3A00BF86EF /* HTTPURLResponse+StatusCode.swift in Sources */,
				6A1D980A2557C4F900CE8BE5 /* CoreDataFeedStore.swift in Sources */,
			);
			runOnlyForDeploymentPostprocessing = 0;
		};
		6AED9C71250FBE2200A3F327 /* Sources */ = {
			isa = PBXSourcesBuildPhase;
			buildActionMask = 2147483647;
			files = (
				6A3325E8256E533C009E04B6 /* FeedPresenterTests.swift in Sources */,
				6A5EBF272576256A00B80C30 /* LoadFeedImageDataFromCacheUseCaseTests.swift in Sources */,
				6A7E723325777BB0009C8E38 /* CacheFeedImageDataUseCaseTests.swift in Sources */,
				6AAA87792572A1EE00BF86EF /* HTTPClientSpy.swift in Sources */,
				6A4A2C2B2546799000A8BB14 /* FeedCacheTestHelpers.swift in Sources */,
				6A4A2C262546740300A8BB14 /* ValidateFeedCacheUseCaseTests.swift in Sources */,
				6A1D98022557A63F00CE8BE5 /* CoreDataFeedStoreTests.swift in Sources */,
				6A33263A256E5E04009E04B6 /* FeedLocalizationTests.swift in Sources */,
				6A02F1402511110300313C5F /* LoadFeedFromRemoteUseCaseTests.swift in Sources */,
				6A895A26256F9D850098D1B8 /* LoadFeedImageDataFromRemoteUseCaseTests.swift in Sources */,
				6A5104C92535963000262E2D /* XCTestCase+MemoryLeak.swift in Sources */,
				6A21971625BBEA580068A25C /* LoadImageCommentsFromRemoteUseCaseTests.swift in Sources */,
				6AB76CD0256EA15200D3F610 /* FeedImagePresenterTests.swift in Sources */,
				6AD58FD125431701001D9D6E /* FeedStoreSpy.swift in Sources */,
				6A7E722C25777B4A009C8E38 /* FeedImageDataStoreSpy.swift in Sources */,
				6A7E723A25777E27009C8E38 /* CoreDataFeedImageDataStoreTests.swift in Sources */,
				6A4A2C3025467A3D00A8BB14 /* SharedTestHelpers.swift in Sources */,
				6AABEF4F25400A18003C3783 /* CacheFeedUseCaseTests.swift in Sources */,
				6AAA87952572ACE000BF86EF /* URLProtocolStub.swift in Sources */,
				6A2401BF25428D38008FF8D5 /* LoadFeedFromCacheUseCaseTests.swift in Sources */,
				6A404248254C5D0A0046534E /* FeedStoreSpecs.swift in Sources */,
				6A2D83992530A62D00E78861 /* URLSessionHTTPClientTests.swift in Sources */,
				6A40424D254C5DA20046534E /* XCTestCase+FeedStoreSpecs.swift in Sources */,
			);
			runOnlyForDeploymentPostprocessing = 0;
		};
/* End PBXSourcesBuildPhase section */

/* Begin PBXTargetDependency section */
		6A3F2228255D81B3002BC821 /* PBXTargetDependency */ = {
			isa = PBXTargetDependency;
			target = 6A3F221C255D81B3002BC821 /* EssentialFeediOS */;
			targetProxy = 6A3F2227255D81B3002BC821 /* PBXContainerItemProxy */;
		};
		6A82CF3D2559505C00EBBAF1 /* PBXTargetDependency */ = {
			isa = PBXTargetDependency;
			target = 6AED9C6B250FBE2200A3F327 /* EssentialFeed */;
			targetProxy = 6A82CF3C2559505C00EBBAF1 /* PBXContainerItemProxy */;
		};
		6A94AA362536AAE60042E7EB /* PBXTargetDependency */ = {
			isa = PBXTargetDependency;
			target = 6AED9C6B250FBE2200A3F327 /* EssentialFeed */;
			targetProxy = 6A94AA352536AAE60042E7EB /* PBXContainerItemProxy */;
		};
		6AA08C90255EC6E100A6F764 /* PBXTargetDependency */ = {
			isa = PBXTargetDependency;
			platformFilter = ios;
			target = 6AED9C6B250FBE2200A3F327 /* EssentialFeed */;
			targetProxy = 6AA08C8F255EC6E100A6F764 /* PBXContainerItemProxy */;
		};
		6AED9C78250FBE2200A3F327 /* PBXTargetDependency */ = {
			isa = PBXTargetDependency;
			target = 6AED9C6B250FBE2200A3F327 /* EssentialFeed */;
			targetProxy = 6AED9C77250FBE2200A3F327 /* PBXContainerItemProxy */;
		};
/* End PBXTargetDependency section */

/* Begin PBXVariantGroup section */
		6A3325FC256E5A79009E04B6 /* Feed.strings */ = {
			isa = PBXVariantGroup;
			children = (
				6A3325FB256E5A79009E04B6 /* en */,
				6A332602256E5A84009E04B6 /* pt-BR */,
			);
			name = Feed.strings;
			sourceTree = "<group>";
		};
/* End PBXVariantGroup section */

/* Begin XCBuildConfiguration section */
		6A3F222E255D81B3002BC821 /* Debug */ = {
			isa = XCBuildConfiguration;
			buildSettings = {
				CLANG_ENABLE_MODULES = YES;
				CODE_SIGN_STYLE = Automatic;
				DEFINES_MODULE = YES;
				DYLIB_COMPATIBILITY_VERSION = 1;
				DYLIB_CURRENT_VERSION = 1;
				DYLIB_INSTALL_NAME_BASE = "@rpath";
				INFOPLIST_FILE = EssentialFeediOS/Info.plist;
				INSTALL_PATH = "$(LOCAL_LIBRARY_DIR)/Frameworks";
				IPHONEOS_DEPLOYMENT_TARGET = 14.0;
				LD_RUNPATH_SEARCH_PATHS = (
					"$(inherited)",
					"@executable_path/Frameworks",
					"@loader_path/Frameworks",
				);
				PRODUCT_BUNDLE_IDENTIFIER = com.kndev.EssentialFeediOS;
				PRODUCT_NAME = "$(TARGET_NAME:c99extidentifier)";
				SDKROOT = iphoneos;
				SKIP_INSTALL = YES;
				SWIFT_OPTIMIZATION_LEVEL = "-Onone";
				SWIFT_VERSION = 5.0;
				TARGETED_DEVICE_FAMILY = "1,2";
			};
			name = Debug;
		};
		6A3F222F255D81B3002BC821 /* Release */ = {
			isa = XCBuildConfiguration;
			buildSettings = {
				CLANG_ENABLE_MODULES = YES;
				CODE_SIGN_STYLE = Automatic;
				DEFINES_MODULE = YES;
				DYLIB_COMPATIBILITY_VERSION = 1;
				DYLIB_CURRENT_VERSION = 1;
				DYLIB_INSTALL_NAME_BASE = "@rpath";
				INFOPLIST_FILE = EssentialFeediOS/Info.plist;
				INSTALL_PATH = "$(LOCAL_LIBRARY_DIR)/Frameworks";
				IPHONEOS_DEPLOYMENT_TARGET = 14.0;
				LD_RUNPATH_SEARCH_PATHS = (
					"$(inherited)",
					"@executable_path/Frameworks",
					"@loader_path/Frameworks",
				);
				PRODUCT_BUNDLE_IDENTIFIER = com.kndev.EssentialFeediOS;
				PRODUCT_NAME = "$(TARGET_NAME:c99extidentifier)";
				SDKROOT = iphoneos;
				SKIP_INSTALL = YES;
				SWIFT_VERSION = 5.0;
				TARGETED_DEVICE_FAMILY = "1,2";
				VALIDATE_PRODUCT = YES;
			};
			name = Release;
		};
		6A3F2230255D81B3002BC821 /* Debug */ = {
			isa = XCBuildConfiguration;
			buildSettings = {
				ALWAYS_EMBED_SWIFT_STANDARD_LIBRARIES = YES;
				CLANG_ENABLE_MODULES = YES;
				CODE_SIGN_STYLE = Automatic;
				INFOPLIST_FILE = EssentialFeediOSTests/Info.plist;
				IPHONEOS_DEPLOYMENT_TARGET = 14.0;
				LD_RUNPATH_SEARCH_PATHS = (
					"$(inherited)",
					"@executable_path/Frameworks",
					"@loader_path/Frameworks",
				);
				PRODUCT_BUNDLE_IDENTIFIER = com.kndev.EssentialFeediOSTests;
				PRODUCT_NAME = "$(TARGET_NAME)";
				SDKROOT = iphoneos;
				SWIFT_OPTIMIZATION_LEVEL = "-Onone";
				SWIFT_VERSION = 5.0;
				TARGETED_DEVICE_FAMILY = "1,2";
			};
			name = Debug;
		};
		6A3F2231255D81B3002BC821 /* Release */ = {
			isa = XCBuildConfiguration;
			buildSettings = {
				ALWAYS_EMBED_SWIFT_STANDARD_LIBRARIES = YES;
				CLANG_ENABLE_MODULES = YES;
				CODE_SIGN_STYLE = Automatic;
				INFOPLIST_FILE = EssentialFeediOSTests/Info.plist;
				IPHONEOS_DEPLOYMENT_TARGET = 14.0;
				LD_RUNPATH_SEARCH_PATHS = (
					"$(inherited)",
					"@executable_path/Frameworks",
					"@loader_path/Frameworks",
				);
				PRODUCT_BUNDLE_IDENTIFIER = com.kndev.EssentialFeediOSTests;
				PRODUCT_NAME = "$(TARGET_NAME)";
				SDKROOT = iphoneos;
				SWIFT_VERSION = 5.0;
				TARGETED_DEVICE_FAMILY = "1,2";
				VALIDATE_PRODUCT = YES;
			};
			name = Release;
		};
		6A82CF3E2559505C00EBBAF1 /* Debug */ = {
			isa = XCBuildConfiguration;
			buildSettings = {
				CODE_SIGN_STYLE = Automatic;
				COMBINE_HIDPI_IMAGES = YES;
				INFOPLIST_FILE = EssentialFeedCacheIntegrationTests/Info.plist;
				LD_RUNPATH_SEARCH_PATHS = (
					"$(inherited)",
					"@executable_path/../Frameworks",
					"@loader_path/../Frameworks",
				);
				PRODUCT_BUNDLE_IDENTIFIER = com.kndev.EssentialFeedCacheIntegrationTests;
				PRODUCT_NAME = "$(TARGET_NAME)";
				SUPPORTED_PLATFORMS = "macosx iphonesimulator iphoneos";
				SWIFT_VERSION = 5.0;
			};
			name = Debug;
		};
		6A82CF3F2559505C00EBBAF1 /* Release */ = {
			isa = XCBuildConfiguration;
			buildSettings = {
				CODE_SIGN_STYLE = Automatic;
				COMBINE_HIDPI_IMAGES = YES;
				INFOPLIST_FILE = EssentialFeedCacheIntegrationTests/Info.plist;
				LD_RUNPATH_SEARCH_PATHS = (
					"$(inherited)",
					"@executable_path/../Frameworks",
					"@loader_path/../Frameworks",
				);
				PRODUCT_BUNDLE_IDENTIFIER = com.kndev.EssentialFeedCacheIntegrationTests;
				PRODUCT_NAME = "$(TARGET_NAME)";
				SUPPORTED_PLATFORMS = "macosx iphonesimulator iphoneos";
				SWIFT_VERSION = 5.0;
			};
			name = Release;
		};
		6A94AA372536AAE60042E7EB /* Debug */ = {
			isa = XCBuildConfiguration;
			buildSettings = {
				CODE_SIGN_STYLE = Automatic;
				COMBINE_HIDPI_IMAGES = YES;
				INFOPLIST_FILE = EssentialFeedAPIEndToEndTests/Info.plist;
				LD_RUNPATH_SEARCH_PATHS = (
					"$(inherited)",
					"@executable_path/../Frameworks",
					"@loader_path/../Frameworks",
				);
				PRODUCT_BUNDLE_IDENTIFIER = com.kndev.EssentialFeedAPIEndToEndTests;
				PRODUCT_NAME = "$(TARGET_NAME)";
				SUPPORTED_PLATFORMS = "macosx iphonesimulator iphoneos";
				SWIFT_VERSION = 5.0;
			};
			name = Debug;
		};
		6A94AA382536AAE60042E7EB /* Release */ = {
			isa = XCBuildConfiguration;
			buildSettings = {
				CODE_SIGN_STYLE = Automatic;
				COMBINE_HIDPI_IMAGES = YES;
				INFOPLIST_FILE = EssentialFeedAPIEndToEndTests/Info.plist;
				LD_RUNPATH_SEARCH_PATHS = (
					"$(inherited)",
					"@executable_path/../Frameworks",
					"@loader_path/../Frameworks",
				);
				PRODUCT_BUNDLE_IDENTIFIER = com.kndev.EssentialFeedAPIEndToEndTests;
				PRODUCT_NAME = "$(TARGET_NAME)";
				SUPPORTED_PLATFORMS = "macosx iphonesimulator iphoneos";
				SWIFT_VERSION = 5.0;
			};
			name = Release;
		};
		6AED9C7E250FBE2200A3F327 /* Debug */ = {
			isa = XCBuildConfiguration;
			buildSettings = {
				ALWAYS_SEARCH_USER_PATHS = NO;
				CLANG_ANALYZER_LOCALIZABILITY_NONLOCALIZED = YES;
				CLANG_ANALYZER_NONNULL = YES;
				CLANG_ANALYZER_NUMBER_OBJECT_CONVERSION = YES_AGGRESSIVE;
				CLANG_CXX_LANGUAGE_STANDARD = "gnu++14";
				CLANG_CXX_LIBRARY = "libc++";
				CLANG_ENABLE_MODULES = YES;
				CLANG_ENABLE_OBJC_ARC = YES;
				CLANG_ENABLE_OBJC_WEAK = YES;
				CLANG_WARN_BLOCK_CAPTURE_AUTORELEASING = YES;
				CLANG_WARN_BOOL_CONVERSION = YES;
				CLANG_WARN_COMMA = YES;
				CLANG_WARN_CONSTANT_CONVERSION = YES;
				CLANG_WARN_DEPRECATED_OBJC_IMPLEMENTATIONS = YES;
				CLANG_WARN_DIRECT_OBJC_ISA_USAGE = YES_ERROR;
				CLANG_WARN_DOCUMENTATION_COMMENTS = YES;
				CLANG_WARN_EMPTY_BODY = YES;
				CLANG_WARN_ENUM_CONVERSION = YES;
				CLANG_WARN_INFINITE_RECURSION = YES;
				CLANG_WARN_INT_CONVERSION = YES;
				CLANG_WARN_NON_LITERAL_NULL_CONVERSION = YES;
				CLANG_WARN_OBJC_IMPLICIT_RETAIN_SELF = YES;
				CLANG_WARN_OBJC_LITERAL_CONVERSION = YES;
				CLANG_WARN_OBJC_ROOT_CLASS = YES_ERROR;
				CLANG_WARN_QUOTED_INCLUDE_IN_FRAMEWORK_HEADER = YES;
				CLANG_WARN_RANGE_LOOP_ANALYSIS = YES;
				CLANG_WARN_STRICT_PROTOTYPES = YES;
				CLANG_WARN_SUSPICIOUS_MOVE = YES;
				CLANG_WARN_UNGUARDED_AVAILABILITY = YES_AGGRESSIVE;
				CLANG_WARN_UNREACHABLE_CODE = YES;
				CLANG_WARN__DUPLICATE_METHOD_MATCH = YES;
				COPY_PHASE_STRIP = NO;
				CURRENT_PROJECT_VERSION = 1;
				DEBUG_INFORMATION_FORMAT = dwarf;
				ENABLE_STRICT_OBJC_MSGSEND = YES;
				ENABLE_TESTABILITY = YES;
				GCC_C_LANGUAGE_STANDARD = gnu11;
				GCC_DYNAMIC_NO_PIC = NO;
				GCC_NO_COMMON_BLOCKS = YES;
				GCC_OPTIMIZATION_LEVEL = 0;
				GCC_PREPROCESSOR_DEFINITIONS = (
					"DEBUG=1",
					"$(inherited)",
				);
				GCC_WARN_64_TO_32_BIT_CONVERSION = YES;
				GCC_WARN_ABOUT_RETURN_TYPE = YES_ERROR;
				GCC_WARN_UNDECLARED_SELECTOR = YES;
				GCC_WARN_UNINITIALIZED_AUTOS = YES_AGGRESSIVE;
				GCC_WARN_UNUSED_FUNCTION = YES;
				GCC_WARN_UNUSED_VARIABLE = YES;
				IPHONEOS_DEPLOYMENT_TARGET = 14.0;
				MACOSX_DEPLOYMENT_TARGET = 10.15;
				MTL_ENABLE_DEBUG_INFO = INCLUDE_SOURCE;
				MTL_FAST_MATH = YES;
				ONLY_ACTIVE_ARCH = YES;
				SDKROOT = macosx;
				SWIFT_ACTIVE_COMPILATION_CONDITIONS = DEBUG;
				SWIFT_OPTIMIZATION_LEVEL = "-Onone";
				VERSIONING_SYSTEM = "apple-generic";
				VERSION_INFO_PREFIX = "";
			};
			name = Debug;
		};
		6AED9C7F250FBE2200A3F327 /* Release */ = {
			isa = XCBuildConfiguration;
			buildSettings = {
				ALWAYS_SEARCH_USER_PATHS = NO;
				CLANG_ANALYZER_LOCALIZABILITY_NONLOCALIZED = YES;
				CLANG_ANALYZER_NONNULL = YES;
				CLANG_ANALYZER_NUMBER_OBJECT_CONVERSION = YES_AGGRESSIVE;
				CLANG_CXX_LANGUAGE_STANDARD = "gnu++14";
				CLANG_CXX_LIBRARY = "libc++";
				CLANG_ENABLE_MODULES = YES;
				CLANG_ENABLE_OBJC_ARC = YES;
				CLANG_ENABLE_OBJC_WEAK = YES;
				CLANG_WARN_BLOCK_CAPTURE_AUTORELEASING = YES;
				CLANG_WARN_BOOL_CONVERSION = YES;
				CLANG_WARN_COMMA = YES;
				CLANG_WARN_CONSTANT_CONVERSION = YES;
				CLANG_WARN_DEPRECATED_OBJC_IMPLEMENTATIONS = YES;
				CLANG_WARN_DIRECT_OBJC_ISA_USAGE = YES_ERROR;
				CLANG_WARN_DOCUMENTATION_COMMENTS = YES;
				CLANG_WARN_EMPTY_BODY = YES;
				CLANG_WARN_ENUM_CONVERSION = YES;
				CLANG_WARN_INFINITE_RECURSION = YES;
				CLANG_WARN_INT_CONVERSION = YES;
				CLANG_WARN_NON_LITERAL_NULL_CONVERSION = YES;
				CLANG_WARN_OBJC_IMPLICIT_RETAIN_SELF = YES;
				CLANG_WARN_OBJC_LITERAL_CONVERSION = YES;
				CLANG_WARN_OBJC_ROOT_CLASS = YES_ERROR;
				CLANG_WARN_QUOTED_INCLUDE_IN_FRAMEWORK_HEADER = YES;
				CLANG_WARN_RANGE_LOOP_ANALYSIS = YES;
				CLANG_WARN_STRICT_PROTOTYPES = YES;
				CLANG_WARN_SUSPICIOUS_MOVE = YES;
				CLANG_WARN_UNGUARDED_AVAILABILITY = YES_AGGRESSIVE;
				CLANG_WARN_UNREACHABLE_CODE = YES;
				CLANG_WARN__DUPLICATE_METHOD_MATCH = YES;
				COPY_PHASE_STRIP = NO;
				CURRENT_PROJECT_VERSION = 1;
				DEBUG_INFORMATION_FORMAT = "dwarf-with-dsym";
				ENABLE_NS_ASSERTIONS = NO;
				ENABLE_STRICT_OBJC_MSGSEND = YES;
				GCC_C_LANGUAGE_STANDARD = gnu11;
				GCC_NO_COMMON_BLOCKS = YES;
				GCC_WARN_64_TO_32_BIT_CONVERSION = YES;
				GCC_WARN_ABOUT_RETURN_TYPE = YES_ERROR;
				GCC_WARN_UNDECLARED_SELECTOR = YES;
				GCC_WARN_UNINITIALIZED_AUTOS = YES_AGGRESSIVE;
				GCC_WARN_UNUSED_FUNCTION = YES;
				GCC_WARN_UNUSED_VARIABLE = YES;
				IPHONEOS_DEPLOYMENT_TARGET = 14.0;
				MACOSX_DEPLOYMENT_TARGET = 10.15;
				MTL_ENABLE_DEBUG_INFO = NO;
				MTL_FAST_MATH = YES;
				SDKROOT = macosx;
				SWIFT_COMPILATION_MODE = wholemodule;
				SWIFT_OPTIMIZATION_LEVEL = "-O";
				VERSIONING_SYSTEM = "apple-generic";
				VERSION_INFO_PREFIX = "";
			};
			name = Release;
		};
		6AED9C81250FBE2200A3F327 /* Debug */ = {
			isa = XCBuildConfiguration;
			buildSettings = {
				CLANG_ENABLE_MODULES = YES;
				CODE_SIGN_STYLE = Automatic;
				COMBINE_HIDPI_IMAGES = YES;
				DEFINES_MODULE = YES;
				DYLIB_COMPATIBILITY_VERSION = 1;
				DYLIB_CURRENT_VERSION = 1;
				DYLIB_INSTALL_NAME_BASE = "@rpath";
				INFOPLIST_FILE = EssentialFeed/Info.plist;
				INSTALL_PATH = "$(LOCAL_LIBRARY_DIR)/Frameworks";
				LD_RUNPATH_SEARCH_PATHS = (
					"$(inherited)",
					"@executable_path/../Frameworks",
					"@loader_path/Frameworks",
				);
				PRODUCT_BUNDLE_IDENTIFIER = com.kndev.EssentialFeed;
				PRODUCT_NAME = "$(TARGET_NAME:c99extidentifier)";
				SKIP_INSTALL = YES;
				SUPPORTED_PLATFORMS = "macosx iphonesimulator iphoneos";
				SWIFT_OPTIMIZATION_LEVEL = "-Onone";
				SWIFT_VERSION = 5.0;
			};
			name = Debug;
		};
		6AED9C82250FBE2200A3F327 /* Release */ = {
			isa = XCBuildConfiguration;
			buildSettings = {
				CLANG_ENABLE_MODULES = YES;
				CODE_SIGN_STYLE = Automatic;
				COMBINE_HIDPI_IMAGES = YES;
				DEFINES_MODULE = YES;
				DYLIB_COMPATIBILITY_VERSION = 1;
				DYLIB_CURRENT_VERSION = 1;
				DYLIB_INSTALL_NAME_BASE = "@rpath";
				INFOPLIST_FILE = EssentialFeed/Info.plist;
				INSTALL_PATH = "$(LOCAL_LIBRARY_DIR)/Frameworks";
				LD_RUNPATH_SEARCH_PATHS = (
					"$(inherited)",
					"@executable_path/../Frameworks",
					"@loader_path/Frameworks",
				);
				PRODUCT_BUNDLE_IDENTIFIER = com.kndev.EssentialFeed;
				PRODUCT_NAME = "$(TARGET_NAME:c99extidentifier)";
				SKIP_INSTALL = YES;
				SUPPORTED_PLATFORMS = "macosx iphonesimulator iphoneos";
				SWIFT_VERSION = 5.0;
			};
			name = Release;
		};
		6AED9C84250FBE2200A3F327 /* Debug */ = {
			isa = XCBuildConfiguration;
			buildSettings = {
				ALWAYS_EMBED_SWIFT_STANDARD_LIBRARIES = YES;
				CODE_SIGN_STYLE = Automatic;
				COMBINE_HIDPI_IMAGES = YES;
				INFOPLIST_FILE = EssentialFeedTests/Info.plist;
				LD_RUNPATH_SEARCH_PATHS = (
					"$(inherited)",
					"@executable_path/../Frameworks",
					"@loader_path/../Frameworks",
				);
				PRODUCT_BUNDLE_IDENTIFIER = com.kndev.EssentialFeedTests;
				PRODUCT_NAME = "$(TARGET_NAME)";
				SUPPORTED_PLATFORMS = "macosx iphonesimulator iphoneos";
				SWIFT_VERSION = 5.0;
			};
			name = Debug;
		};
		6AED9C85250FBE2200A3F327 /* Release */ = {
			isa = XCBuildConfiguration;
			buildSettings = {
				ALWAYS_EMBED_SWIFT_STANDARD_LIBRARIES = YES;
				CODE_SIGN_STYLE = Automatic;
				COMBINE_HIDPI_IMAGES = YES;
				INFOPLIST_FILE = EssentialFeedTests/Info.plist;
				LD_RUNPATH_SEARCH_PATHS = (
					"$(inherited)",
					"@executable_path/../Frameworks",
					"@loader_path/../Frameworks",
				);
				PRODUCT_BUNDLE_IDENTIFIER = com.kndev.EssentialFeedTests;
				PRODUCT_NAME = "$(TARGET_NAME)";
				SUPPORTED_PLATFORMS = "macosx iphonesimulator iphoneos";
				SWIFT_VERSION = 5.0;
			};
			name = Release;
		};
/* End XCBuildConfiguration section */

/* Begin XCConfigurationList section */
		6A3F2232255D81B3002BC821 /* Build configuration list for PBXNativeTarget "EssentialFeediOS" */ = {
			isa = XCConfigurationList;
			buildConfigurations = (
				6A3F222E255D81B3002BC821 /* Debug */,
				6A3F222F255D81B3002BC821 /* Release */,
			);
			defaultConfigurationIsVisible = 0;
			defaultConfigurationName = Release;
		};
		6A3F2233255D81B3002BC821 /* Build configuration list for PBXNativeTarget "EssentialFeediOSTests" */ = {
			isa = XCConfigurationList;
			buildConfigurations = (
				6A3F2230255D81B3002BC821 /* Debug */,
				6A3F2231255D81B3002BC821 /* Release */,
			);
			defaultConfigurationIsVisible = 0;
			defaultConfigurationName = Release;
		};
		6A82CF402559505C00EBBAF1 /* Build configuration list for PBXNativeTarget "EssentialFeedCacheIntegrationTests" */ = {
			isa = XCConfigurationList;
			buildConfigurations = (
				6A82CF3E2559505C00EBBAF1 /* Debug */,
				6A82CF3F2559505C00EBBAF1 /* Release */,
			);
			defaultConfigurationIsVisible = 0;
			defaultConfigurationName = Release;
		};
		6A94AA392536AAE60042E7EB /* Build configuration list for PBXNativeTarget "EssentialFeedAPIEndToEndTests" */ = {
			isa = XCConfigurationList;
			buildConfigurations = (
				6A94AA372536AAE60042E7EB /* Debug */,
				6A94AA382536AAE60042E7EB /* Release */,
			);
			defaultConfigurationIsVisible = 0;
			defaultConfigurationName = Release;
		};
		6AED9C66250FBE2200A3F327 /* Build configuration list for PBXProject "EssentialFeed" */ = {
			isa = XCConfigurationList;
			buildConfigurations = (
				6AED9C7E250FBE2200A3F327 /* Debug */,
				6AED9C7F250FBE2200A3F327 /* Release */,
			);
			defaultConfigurationIsVisible = 0;
			defaultConfigurationName = Release;
		};
		6AED9C80250FBE2200A3F327 /* Build configuration list for PBXNativeTarget "EssentialFeed" */ = {
			isa = XCConfigurationList;
			buildConfigurations = (
				6AED9C81250FBE2200A3F327 /* Debug */,
				6AED9C82250FBE2200A3F327 /* Release */,
			);
			defaultConfigurationIsVisible = 0;
			defaultConfigurationName = Release;
		};
		6AED9C83250FBE2200A3F327 /* Build configuration list for PBXNativeTarget "EssentialFeedTests" */ = {
			isa = XCConfigurationList;
			buildConfigurations = (
				6AED9C84250FBE2200A3F327 /* Debug */,
				6AED9C85250FBE2200A3F327 /* Release */,
			);
			defaultConfigurationIsVisible = 0;
			defaultConfigurationName = Release;
		};
/* End XCConfigurationList section */

/* Begin XCVersionGroup section */
		6AF0C528255455C000D014FE /* FeedStore.xcdatamodeld */ = {
			isa = XCVersionGroup;
			children = (
				6A7E724025778359009C8E38 /* FeedStore2.xcdatamodel */,
				6AF0C529255455C000D014FE /* FeedStore.xcdatamodel */,
			);
			currentVersion = 6A7E724025778359009C8E38 /* FeedStore2.xcdatamodel */;
			path = FeedStore.xcdatamodeld;
			sourceTree = "<group>";
			versionGroupType = wrapper.xcdatamodel;
		};
/* End XCVersionGroup section */
	};
	rootObject = 6AED9C63250FBE2200A3F327 /* Project object */;
}
