// !$*UTF8*$!
{
	archiveVersion = 1;
	classes = {
	};
	objectVersion = 50;
	objects = {

/* Begin PBXBuildFile section */
		6A03281B259083BC00C7EEBA /* FeedImageDataLoaderSpy.swift in Sources */ = {isa = PBXBuildFile; fileRef = 6A03281A259083BC00C7EEBA /* FeedImageDataLoaderSpy.swift */; };
		6A03281E2590845900C7EEBA /* XCTestCase+FeedImageDataLoader.swift in Sources */ = {isa = PBXBuildFile; fileRef = 6A03281D2590845900C7EEBA /* XCTestCase+FeedImageDataLoader.swift */; };
		6A035A4E25919A1D0085E1FB /* SceneDelegateTests.swift in Sources */ = {isa = PBXBuildFile; fileRef = 6A035A4D25919A1D0085E1FB /* SceneDelegateTests.swift */; };
		6A035A592591A0FF0085E1FB /* WeakRefVirtualProxy.swift in Sources */ = {isa = PBXBuildFile; fileRef = 6A035A552591A0FF0085E1FB /* WeakRefVirtualProxy.swift */; };
		6A035A5A2591A0FF0085E1FB /* FeedUIComposer.swift in Sources */ = {isa = PBXBuildFile; fileRef = 6A035A582591A0FF0085E1FB /* FeedUIComposer.swift */; };
		6A035A5C2591A0FF0085E1FB /* FeedImageLoaderPresentationAdapter.swift in Sources */ = {isa = PBXBuildFile; fileRef = 6A035A572591A0FF0085E1FB /* FeedImageLoaderPresentationAdapter.swift */; };
		6A035A5D2591A0FF0085E1FB /* FeedLoaderPresentationAdapter.swift in Sources */ = {isa = PBXBuildFile; fileRef = 6A035A542591A0FE0085E1FB /* FeedLoaderPresentationAdapter.swift */; };
		6A035A5E2591A0FF0085E1FB /* FeedViewAdapter.swift in Sources */ = {isa = PBXBuildFile; fileRef = 6A035A562591A0FF0085E1FB /* FeedViewAdapter.swift */; };
		6A035A742591A13F0085E1FB /* UIButton+TestHelpers.swift in Sources */ = {isa = PBXBuildFile; fileRef = 6A035A722591A13E0085E1FB /* UIButton+TestHelpers.swift */; };
		6A035A752591A13F0085E1FB /* FeedImageCell+TestHelpers.swift in Sources */ = {isa = PBXBuildFile; fileRef = 6A035A6D2591A13E0085E1FB /* FeedImageCell+TestHelpers.swift */; };
		6A035A762591A13F0085E1FB /* FeedViewControllerTests+LoaderSpy.swift in Sources */ = {isa = PBXBuildFile; fileRef = 6A035A702591A13E0085E1FB /* FeedViewControllerTests+LoaderSpy.swift */; };
		6A035A772591A13F0085E1FB /* FeedViewControllerTests+Assertions.swift in Sources */ = {isa = PBXBuildFile; fileRef = 6A035A6F2591A13E0085E1FB /* FeedViewControllerTests+Assertions.swift */; };
		6A035A782591A13F0085E1FB /* FeedViewControllerTests+Localization.swift in Sources */ = {isa = PBXBuildFile; fileRef = 6A035A6E2591A13E0085E1FB /* FeedViewControllerTests+Localization.swift */; };
		6A035A792591A13F0085E1FB /* UIRefreshControl+TestHelpers.swift in Sources */ = {isa = PBXBuildFile; fileRef = 6A035A6B2591A13E0085E1FB /* UIRefreshControl+TestHelpers.swift */; };
		6A035A7A2591A13F0085E1FB /* FeedViewController+TestHelpers.swift in Sources */ = {isa = PBXBuildFile; fileRef = 6A035A712591A13E0085E1FB /* FeedViewController+TestHelpers.swift */; };
		6A035A7B2591A13F0085E1FB /* UIControl+TestHelpers.swift in Sources */ = {isa = PBXBuildFile; fileRef = 6A035A732591A13F0085E1FB /* UIControl+TestHelpers.swift */; };
		6A035A7C2591A13F0085E1FB /* UIImage+TestHelpers.swift in Sources */ = {isa = PBXBuildFile; fileRef = 6A035A6C2591A13E0085E1FB /* UIImage+TestHelpers.swift */; };
		6A035A872591A1460085E1FB /* FeedUIIntegrationTests.swift in Sources */ = {isa = PBXBuildFile; fileRef = 6A035A862591A1460085E1FB /* FeedUIIntegrationTests.swift */; };
		6A64D598258E4FAD00418916 /* XCTestCase+MemoryLeakTracking.swift in Sources */ = {isa = PBXBuildFile; fileRef = 6A64D597258E4FAD00418916 /* XCTestCase+MemoryLeakTracking.swift */; };
		6A64D59B258E4FF400418916 /* SharedTestHelpers.swift in Sources */ = {isa = PBXBuildFile; fileRef = 6A64D59A258E4FF400418916 /* SharedTestHelpers.swift */; };
		6A74AED9258A646A00216877 /* AppDelegate.swift in Sources */ = {isa = PBXBuildFile; fileRef = 6A74AED8258A646A00216877 /* AppDelegate.swift */; };
		6A74AEDB258A646A00216877 /* SceneDelegate.swift in Sources */ = {isa = PBXBuildFile; fileRef = 6A74AEDA258A646A00216877 /* SceneDelegate.swift */; };
		6A74AEDD258A646A00216877 /* ViewController.swift in Sources */ = {isa = PBXBuildFile; fileRef = 6A74AEDC258A646A00216877 /* ViewController.swift */; };
		6A74AEE2258A646B00216877 /* Assets.xcassets in Resources */ = {isa = PBXBuildFile; fileRef = 6A74AEE1258A646B00216877 /* Assets.xcassets */; };
		6A74AEE5258A646B00216877 /* LaunchScreen.storyboard in Resources */ = {isa = PBXBuildFile; fileRef = 6A74AEE3258A646B00216877 /* LaunchScreen.storyboard */; };
		6A74AF13258A652500216877 /* EssentialFeed.framework in Frameworks */ = {isa = PBXBuildFile; fileRef = 6A74AF11258A652500216877 /* EssentialFeed.framework */; };
		6A74AF14258A652500216877 /* EssentialFeed.framework in Embed Frameworks */ = {isa = PBXBuildFile; fileRef = 6A74AF11258A652500216877 /* EssentialFeed.framework */; settings = {ATTRIBUTES = (CodeSignOnCopy, RemoveHeadersOnCopy, ); }; };
		6A74AF15258A652500216877 /* EssentialFeediOS.framework in Frameworks */ = {isa = PBXBuildFile; fileRef = 6A74AF12258A652500216877 /* EssentialFeediOS.framework */; };
		6A74AF16258A652500216877 /* EssentialFeediOS.framework in Embed Frameworks */ = {isa = PBXBuildFile; fileRef = 6A74AF12258A652500216877 /* EssentialFeediOS.framework */; settings = {ATTRIBUTES = (CodeSignOnCopy, RemoveHeadersOnCopy, ); }; };
		6A95DECD2591D33B00C5F520 /* FeedAcceptanceTests.swift in Sources */ = {isa = PBXBuildFile; fileRef = 6A95DECC2591D33B00C5F520 /* FeedAcceptanceTests.swift */; };
		6AB1703B25AB1942008793CB /* CombineHelpers.swift in Sources */ = {isa = PBXBuildFile; fileRef = 6AB1703A25AB1942008793CB /* CombineHelpers.swift */; };
		6ADB82E4258EFE4E0086F3D2 /* FeedLoaderStub.swift in Sources */ = {isa = PBXBuildFile; fileRef = 6ADB82E3258EFE4E0086F3D2 /* FeedLoaderStub.swift */; };
		6ADB82E7258EFF170086F3D2 /* XCTestCase+FeedLoader.swift in Sources */ = {isa = PBXBuildFile; fileRef = 6ADB82E6258EFF170086F3D2 /* XCTestCase+FeedLoader.swift */; };
/* End PBXBuildFile section */

/* Begin PBXContainerItemProxy section */
		6A74AEEC258A646B00216877 /* PBXContainerItemProxy */ = {
			isa = PBXContainerItemProxy;
			containerPortal = 6A74AECD258A646A00216877 /* Project object */;
			proxyType = 1;
			remoteGlobalIDString = 6A74AED4258A646A00216877;
			remoteInfo = EssentialApp;
		};
/* End PBXContainerItemProxy section */

/* Begin PBXCopyFilesBuildPhase section */
		6A74AF17258A652500216877 /* Embed Frameworks */ = {
			isa = PBXCopyFilesBuildPhase;
			buildActionMask = 2147483647;
			dstPath = "";
			dstSubfolderSpec = 10;
			files = (
				6A74AF14258A652500216877 /* EssentialFeed.framework in Embed Frameworks */,
				6A74AF16258A652500216877 /* EssentialFeediOS.framework in Embed Frameworks */,
			);
			name = "Embed Frameworks";
			runOnlyForDeploymentPostprocessing = 0;
		};
/* End PBXCopyFilesBuildPhase section */

/* Begin PBXFileReference section */
		6A03281A259083BC00C7EEBA /* FeedImageDataLoaderSpy.swift */ = {isa = PBXFileReference; lastKnownFileType = sourcecode.swift; path = FeedImageDataLoaderSpy.swift; sourceTree = "<group>"; };
		6A03281D2590845900C7EEBA /* XCTestCase+FeedImageDataLoader.swift */ = {isa = PBXFileReference; lastKnownFileType = sourcecode.swift; path = "XCTestCase+FeedImageDataLoader.swift"; sourceTree = "<group>"; };
		6A035A4D25919A1D0085E1FB /* SceneDelegateTests.swift */ = {isa = PBXFileReference; lastKnownFileType = sourcecode.swift; path = SceneDelegateTests.swift; sourceTree = "<group>"; };
		6A035A542591A0FE0085E1FB /* FeedLoaderPresentationAdapter.swift */ = {isa = PBXFileReference; lastKnownFileType = sourcecode.swift; path = FeedLoaderPresentationAdapter.swift; sourceTree = "<group>"; };
		6A035A552591A0FF0085E1FB /* WeakRefVirtualProxy.swift */ = {isa = PBXFileReference; lastKnownFileType = sourcecode.swift; path = WeakRefVirtualProxy.swift; sourceTree = "<group>"; };
		6A035A562591A0FF0085E1FB /* FeedViewAdapter.swift */ = {isa = PBXFileReference; lastKnownFileType = sourcecode.swift; path = FeedViewAdapter.swift; sourceTree = "<group>"; };
		6A035A572591A0FF0085E1FB /* FeedImageLoaderPresentationAdapter.swift */ = {isa = PBXFileReference; lastKnownFileType = sourcecode.swift; path = FeedImageLoaderPresentationAdapter.swift; sourceTree = "<group>"; };
		6A035A582591A0FF0085E1FB /* FeedUIComposer.swift */ = {isa = PBXFileReference; lastKnownFileType = sourcecode.swift; path = FeedUIComposer.swift; sourceTree = "<group>"; };
		6A035A6B2591A13E0085E1FB /* UIRefreshControl+TestHelpers.swift */ = {isa = PBXFileReference; lastKnownFileType = sourcecode.swift; path = "UIRefreshControl+TestHelpers.swift"; sourceTree = "<group>"; };
		6A035A6C2591A13E0085E1FB /* UIImage+TestHelpers.swift */ = {isa = PBXFileReference; lastKnownFileType = sourcecode.swift; path = "UIImage+TestHelpers.swift"; sourceTree = "<group>"; };
		6A035A6D2591A13E0085E1FB /* FeedImageCell+TestHelpers.swift */ = {isa = PBXFileReference; lastKnownFileType = sourcecode.swift; path = "FeedImageCell+TestHelpers.swift"; sourceTree = "<group>"; };
		6A035A6E2591A13E0085E1FB /* FeedViewControllerTests+Localization.swift */ = {isa = PBXFileReference; lastKnownFileType = sourcecode.swift; path = "FeedViewControllerTests+Localization.swift"; sourceTree = "<group>"; };
		6A035A6F2591A13E0085E1FB /* FeedViewControllerTests+Assertions.swift */ = {isa = PBXFileReference; lastKnownFileType = sourcecode.swift; path = "FeedViewControllerTests+Assertions.swift"; sourceTree = "<group>"; };
		6A035A702591A13E0085E1FB /* FeedViewControllerTests+LoaderSpy.swift */ = {isa = PBXFileReference; lastKnownFileType = sourcecode.swift; path = "FeedViewControllerTests+LoaderSpy.swift"; sourceTree = "<group>"; };
		6A035A712591A13E0085E1FB /* FeedViewController+TestHelpers.swift */ = {isa = PBXFileReference; lastKnownFileType = sourcecode.swift; path = "FeedViewController+TestHelpers.swift"; sourceTree = "<group>"; };
		6A035A722591A13E0085E1FB /* UIButton+TestHelpers.swift */ = {isa = PBXFileReference; lastKnownFileType = sourcecode.swift; path = "UIButton+TestHelpers.swift"; sourceTree = "<group>"; };
		6A035A732591A13F0085E1FB /* UIControl+TestHelpers.swift */ = {isa = PBXFileReference; lastKnownFileType = sourcecode.swift; path = "UIControl+TestHelpers.swift"; sourceTree = "<group>"; };
		6A035A862591A1460085E1FB /* FeedUIIntegrationTests.swift */ = {isa = PBXFileReference; lastKnownFileType = sourcecode.swift; path = FeedUIIntegrationTests.swift; sourceTree = "<group>"; };
		6A64D597258E4FAD00418916 /* XCTestCase+MemoryLeakTracking.swift */ = {isa = PBXFileReference; lastKnownFileType = sourcecode.swift; path = "XCTestCase+MemoryLeakTracking.swift"; sourceTree = "<group>"; };
		6A64D59A258E4FF400418916 /* SharedTestHelpers.swift */ = {isa = PBXFileReference; lastKnownFileType = sourcecode.swift; path = SharedTestHelpers.swift; sourceTree = "<group>"; };
		6A74AED5258A646A00216877 /* EssentialApp.app */ = {isa = PBXFileReference; explicitFileType = wrapper.application; includeInIndex = 0; path = EssentialApp.app; sourceTree = BUILT_PRODUCTS_DIR; };
		6A74AED8258A646A00216877 /* AppDelegate.swift */ = {isa = PBXFileReference; lastKnownFileType = sourcecode.swift; path = AppDelegate.swift; sourceTree = "<group>"; };
		6A74AEDA258A646A00216877 /* SceneDelegate.swift */ = {isa = PBXFileReference; lastKnownFileType = sourcecode.swift; path = SceneDelegate.swift; sourceTree = "<group>"; };
		6A74AEDC258A646A00216877 /* ViewController.swift */ = {isa = PBXFileReference; lastKnownFileType = sourcecode.swift; path = ViewController.swift; sourceTree = "<group>"; };
		6A74AEE1258A646B00216877 /* Assets.xcassets */ = {isa = PBXFileReference; lastKnownFileType = folder.assetcatalog; path = Assets.xcassets; sourceTree = "<group>"; };
		6A74AEE4258A646B00216877 /* Base */ = {isa = PBXFileReference; lastKnownFileType = file.storyboard; name = Base; path = Base.lproj/LaunchScreen.storyboard; sourceTree = "<group>"; };
		6A74AEE6258A646B00216877 /* Info.plist */ = {isa = PBXFileReference; lastKnownFileType = text.plist.xml; path = Info.plist; sourceTree = "<group>"; };
		6A74AEEB258A646B00216877 /* EssentialAppTests.xctest */ = {isa = PBXFileReference; explicitFileType = wrapper.cfbundle; includeInIndex = 0; path = EssentialAppTests.xctest; sourceTree = BUILT_PRODUCTS_DIR; };
		6A74AEF1258A646B00216877 /* Info.plist */ = {isa = PBXFileReference; lastKnownFileType = text.plist.xml; path = Info.plist; sourceTree = "<group>"; };
		6A74AF11258A652500216877 /* EssentialFeed.framework */ = {isa = PBXFileReference; explicitFileType = wrapper.framework; path = EssentialFeed.framework; sourceTree = BUILT_PRODUCTS_DIR; };
		6A74AF12258A652500216877 /* EssentialFeediOS.framework */ = {isa = PBXFileReference; explicitFileType = wrapper.framework; path = EssentialFeediOS.framework; sourceTree = BUILT_PRODUCTS_DIR; };
		6A95DECC2591D33B00C5F520 /* FeedAcceptanceTests.swift */ = {isa = PBXFileReference; lastKnownFileType = sourcecode.swift; path = FeedAcceptanceTests.swift; sourceTree = "<group>"; };
		6AB1703A25AB1942008793CB /* CombineHelpers.swift */ = {isa = PBXFileReference; lastKnownFileType = sourcecode.swift; path = CombineHelpers.swift; sourceTree = "<group>"; };
		6ADB82E3258EFE4E0086F3D2 /* FeedLoaderStub.swift */ = {isa = PBXFileReference; lastKnownFileType = sourcecode.swift; path = FeedLoaderStub.swift; sourceTree = "<group>"; };
		6ADB82E6258EFF170086F3D2 /* XCTestCase+FeedLoader.swift */ = {isa = PBXFileReference; lastKnownFileType = sourcecode.swift; path = "XCTestCase+FeedLoader.swift"; sourceTree = "<group>"; };
/* End PBXFileReference section */

/* Begin PBXFrameworksBuildPhase section */
		6A74AED2258A646A00216877 /* Frameworks */ = {
			isa = PBXFrameworksBuildPhase;
			buildActionMask = 2147483647;
			files = (
				6A74AF13258A652500216877 /* EssentialFeed.framework in Frameworks */,
				6A74AF15258A652500216877 /* EssentialFeediOS.framework in Frameworks */,
			);
			runOnlyForDeploymentPostprocessing = 0;
		};
		6A74AEE8258A646B00216877 /* Frameworks */ = {
			isa = PBXFrameworksBuildPhase;
			buildActionMask = 2147483647;
			files = (
			);
			runOnlyForDeploymentPostprocessing = 0;
		};
/* End PBXFrameworksBuildPhase section */

/* Begin PBXGroup section */
		6A64D592258E495500418916 /* Helpers */ = {
			isa = PBXGroup;
			children = (
				6A035A6C2591A13E0085E1FB /* UIImage+TestHelpers.swift */,
				6A035A732591A13F0085E1FB /* UIControl+TestHelpers.swift */,
				6A035A6B2591A13E0085E1FB /* UIRefreshControl+TestHelpers.swift */,
				6A035A722591A13E0085E1FB /* UIButton+TestHelpers.swift */,
				6A035A712591A13E0085E1FB /* FeedViewController+TestHelpers.swift */,
				6A035A6D2591A13E0085E1FB /* FeedImageCell+TestHelpers.swift */,
				6A035A702591A13E0085E1FB /* FeedViewControllerTests+LoaderSpy.swift */,
				6A035A6F2591A13E0085E1FB /* FeedViewControllerTests+Assertions.swift */,
				6A035A6E2591A13E0085E1FB /* FeedViewControllerTests+Localization.swift */,
				6A64D597258E4FAD00418916 /* XCTestCase+MemoryLeakTracking.swift */,
				6A64D59A258E4FF400418916 /* SharedTestHelpers.swift */,
				6ADB82E3258EFE4E0086F3D2 /* FeedLoaderStub.swift */,
				6ADB82E6258EFF170086F3D2 /* XCTestCase+FeedLoader.swift */,
				6A03281A259083BC00C7EEBA /* FeedImageDataLoaderSpy.swift */,
				6A03281D2590845900C7EEBA /* XCTestCase+FeedImageDataLoader.swift */,
			);
			path = Helpers;
			sourceTree = "<group>";
		};
		6A74AECC258A646A00216877 = {
			isa = PBXGroup;
			children = (
				6A74AED7258A646A00216877 /* EssentialApp */,
				6A74AEEE258A646B00216877 /* EssentialAppTests */,
				6A74AED6258A646A00216877 /* Products */,
				6A74AF10258A652500216877 /* Frameworks */,
			);
			sourceTree = "<group>";
		};
		6A74AED6258A646A00216877 /* Products */ = {
			isa = PBXGroup;
			children = (
				6A74AED5258A646A00216877 /* EssentialApp.app */,
				6A74AEEB258A646B00216877 /* EssentialAppTests.xctest */,
			);
			name = Products;
			sourceTree = "<group>";
		};
		6A74AED7258A646A00216877 /* EssentialApp */ = {
			isa = PBXGroup;
			children = (
				6A035A582591A0FF0085E1FB /* FeedUIComposer.swift */,
				6A035A552591A0FF0085E1FB /* WeakRefVirtualProxy.swift */,
				6A035A572591A0FF0085E1FB /* FeedImageLoaderPresentationAdapter.swift */,
				6A035A542591A0FE0085E1FB /* FeedLoaderPresentationAdapter.swift */,
				6A035A562591A0FF0085E1FB /* FeedViewAdapter.swift */,
				6A74AED8258A646A00216877 /* AppDelegate.swift */,
				6A74AEDA258A646A00216877 /* SceneDelegate.swift */,
				6A74AEDC258A646A00216877 /* ViewController.swift */,
				6A74AEE1258A646B00216877 /* Assets.xcassets */,
				6A74AEE3258A646B00216877 /* LaunchScreen.storyboard */,
				6A74AEE6258A646B00216877 /* Info.plist */,
				6AB1703A25AB1942008793CB /* CombineHelpers.swift */,
			);
			path = EssentialApp;
			sourceTree = "<group>";
		};
		6A74AEEE258A646B00216877 /* EssentialAppTests */ = {
			isa = PBXGroup;
			children = (
				6A64D592258E495500418916 /* Helpers */,
				6A74AEF1258A646B00216877 /* Info.plist */,
				6A035A4D25919A1D0085E1FB /* SceneDelegateTests.swift */,
				6A035A862591A1460085E1FB /* FeedUIIntegrationTests.swift */,
				6A95DECC2591D33B00C5F520 /* FeedAcceptanceTests.swift */,
			);
			path = EssentialAppTests;
			sourceTree = "<group>";
		};
		6A74AF10258A652500216877 /* Frameworks */ = {
			isa = PBXGroup;
			children = (
				6A74AF11258A652500216877 /* EssentialFeed.framework */,
				6A74AF12258A652500216877 /* EssentialFeediOS.framework */,
			);
			name = Frameworks;
			sourceTree = "<group>";
		};
/* End PBXGroup section */

/* Begin PBXNativeTarget section */
		6A74AED4258A646A00216877 /* EssentialApp */ = {
			isa = PBXNativeTarget;
			buildConfigurationList = 6A74AEFF258A646B00216877 /* Build configuration list for PBXNativeTarget "EssentialApp" */;
			buildPhases = (
				6A74AED1258A646A00216877 /* Sources */,
				6A74AED2258A646A00216877 /* Frameworks */,
				6A74AED3258A646A00216877 /* Resources */,
				6A74AF17258A652500216877 /* Embed Frameworks */,
			);
			buildRules = (
			);
			dependencies = (
			);
			name = EssentialApp;
			productName = EssentialApp;
			productReference = 6A74AED5258A646A00216877 /* EssentialApp.app */;
			productType = "com.apple.product-type.application";
		};
		6A74AEEA258A646B00216877 /* EssentialAppTests */ = {
			isa = PBXNativeTarget;
			buildConfigurationList = 6A74AF02258A646B00216877 /* Build configuration list for PBXNativeTarget "EssentialAppTests" */;
			buildPhases = (
				6A74AEE7258A646B00216877 /* Sources */,
				6A74AEE8258A646B00216877 /* Frameworks */,
				6A74AEE9258A646B00216877 /* Resources */,
			);
			buildRules = (
			);
			dependencies = (
				6A74AEED258A646B00216877 /* PBXTargetDependency */,
			);
			name = EssentialAppTests;
			productName = EssentialAppTests;
			productReference = 6A74AEEB258A646B00216877 /* EssentialAppTests.xctest */;
			productType = "com.apple.product-type.bundle.unit-test";
		};
/* End PBXNativeTarget section */

/* Begin PBXProject section */
		6A74AECD258A646A00216877 /* Project object */ = {
			isa = PBXProject;
			attributes = {
				LastSwiftUpdateCheck = 1220;
				LastUpgradeCheck = 1220;
				TargetAttributes = {
					6A74AED4258A646A00216877 = {
						CreatedOnToolsVersion = 12.2;
					};
					6A74AEEA258A646B00216877 = {
						CreatedOnToolsVersion = 12.2;
						TestTargetID = 6A74AED4258A646A00216877;
					};
				};
			};
			buildConfigurationList = 6A74AED0258A646A00216877 /* Build configuration list for PBXProject "EssentialApp" */;
			compatibilityVersion = "Xcode 9.3";
			developmentRegion = en;
			hasScannedForEncodings = 0;
			knownRegions = (
				en,
				Base,
			);
			mainGroup = 6A74AECC258A646A00216877;
			productRefGroup = 6A74AED6258A646A00216877 /* Products */;
			projectDirPath = "";
			projectRoot = "";
			targets = (
				6A74AED4258A646A00216877 /* EssentialApp */,
				6A74AEEA258A646B00216877 /* EssentialAppTests */,
			);
		};
/* End PBXProject section */

/* Begin PBXResourcesBuildPhase section */
		6A74AED3258A646A00216877 /* Resources */ = {
			isa = PBXResourcesBuildPhase;
			buildActionMask = 2147483647;
			files = (
				6A74AEE5258A646B00216877 /* LaunchScreen.storyboard in Resources */,
				6A74AEE2258A646B00216877 /* Assets.xcassets in Resources */,
			);
			runOnlyForDeploymentPostprocessing = 0;
		};
		6A74AEE9258A646B00216877 /* Resources */ = {
			isa = PBXResourcesBuildPhase;
			buildActionMask = 2147483647;
			files = (
			);
			runOnlyForDeploymentPostprocessing = 0;
		};
/* End PBXResourcesBuildPhase section */

/* Begin PBXSourcesBuildPhase section */
		6A74AED1258A646A00216877 /* Sources */ = {
			isa = PBXSourcesBuildPhase;
			buildActionMask = 2147483647;
			files = (
				6A035A5E2591A0FF0085E1FB /* FeedViewAdapter.swift in Sources */,
				6A74AEDD258A646A00216877 /* ViewController.swift in Sources */,
				6AB1703B25AB1942008793CB /* CombineHelpers.swift in Sources */,
				6A74AED9258A646A00216877 /* AppDelegate.swift in Sources */,
				6A74AEDB258A646A00216877 /* SceneDelegate.swift in Sources */,
				6A035A592591A0FF0085E1FB /* WeakRefVirtualProxy.swift in Sources */,
				6A035A5D2591A0FF0085E1FB /* FeedLoaderPresentationAdapter.swift in Sources */,
				6A035A5C2591A0FF0085E1FB /* FeedImageLoaderPresentationAdapter.swift in Sources */,
				6A035A5A2591A0FF0085E1FB /* FeedUIComposer.swift in Sources */,
			);
			runOnlyForDeploymentPostprocessing = 0;
		};
		6A74AEE7258A646B00216877 /* Sources */ = {
			isa = PBXSourcesBuildPhase;
			buildActionMask = 2147483647;
			files = (
				6A035A762591A13F0085E1FB /* FeedViewControllerTests+LoaderSpy.swift in Sources */,
				6A64D59B258E4FF400418916 /* SharedTestHelpers.swift in Sources */,
				6A035A7C2591A13F0085E1FB /* UIImage+TestHelpers.swift in Sources */,
				6ADB82E7258EFF170086F3D2 /* XCTestCase+FeedLoader.swift in Sources */,
				6A035A7A2591A13F0085E1FB /* FeedViewController+TestHelpers.swift in Sources */,
				6A03281E2590845900C7EEBA /* XCTestCase+FeedImageDataLoader.swift in Sources */,
				6A035A4E25919A1D0085E1FB /* SceneDelegateTests.swift in Sources */,
				6A035A772591A13F0085E1FB /* FeedViewControllerTests+Assertions.swift in Sources */,
				6A035A742591A13F0085E1FB /* UIButton+TestHelpers.swift in Sources */,
				6A03281B259083BC00C7EEBA /* FeedImageDataLoaderSpy.swift in Sources */,
				6A035A752591A13F0085E1FB /* FeedImageCell+TestHelpers.swift in Sources */,
				6ADB82E4258EFE4E0086F3D2 /* FeedLoaderStub.swift in Sources */,
				6A035A792591A13F0085E1FB /* UIRefreshControl+TestHelpers.swift in Sources */,
				6A035A7B2591A13F0085E1FB /* UIControl+TestHelpers.swift in Sources */,
				6A95DECD2591D33B00C5F520 /* FeedAcceptanceTests.swift in Sources */,
				6A64D598258E4FAD00418916 /* XCTestCase+MemoryLeakTracking.swift in Sources */,
				6A035A872591A1460085E1FB /* FeedUIIntegrationTests.swift in Sources */,
				6A035A782591A13F0085E1FB /* FeedViewControllerTests+Localization.swift in Sources */,
			);
			runOnlyForDeploymentPostprocessing = 0;
		};
/* End PBXSourcesBuildPhase section */

/* Begin PBXTargetDependency section */
		6A74AEED258A646B00216877 /* PBXTargetDependency */ = {
			isa = PBXTargetDependency;
			target = 6A74AED4258A646A00216877 /* EssentialApp */;
			targetProxy = 6A74AEEC258A646B00216877 /* PBXContainerItemProxy */;
		};
/* End PBXTargetDependency section */

/* Begin PBXVariantGroup section */
		6A74AEE3258A646B00216877 /* LaunchScreen.storyboard */ = {
			isa = PBXVariantGroup;
			children = (
				6A74AEE4258A646B00216877 /* Base */,
			);
			name = LaunchScreen.storyboard;
			sourceTree = "<group>";
		};
/* End PBXVariantGroup section */

/* Begin XCBuildConfiguration section */
		6A74AEFD258A646B00216877 /* Debug */ = {
			isa = XCBuildConfiguration;
			buildSettings = {
				ALWAYS_SEARCH_USER_PATHS = NO;
				CLANG_ANALYZER_NONNULL = YES;
				CLANG_ANALYZER_NUMBER_OBJECT_CONVERSION = YES_AGGRESSIVE;
				CLANG_CXX_LANGUAGE_STANDARD = "gnu++14";
				CLANG_CXX_LIBRARY = "libc++";
				CLANG_ENABLE_MODULES = YES;
				CLANG_ENABLE_OBJC_ARC = YES;
				CLANG_ENABLE_OBJC_WEAK = YES;
				CLANG_WARN_BLOCK_CAPTURE_AUTORELEASING = YES;
				CLANG_WARN_BOOL_CONVERSION = YES;
				CLANG_WARN_COMMA = YES;
				CLANG_WARN_CONSTANT_CONVERSION = YES;
				CLANG_WARN_DEPRECATED_OBJC_IMPLEMENTATIONS = YES;
				CLANG_WARN_DIRECT_OBJC_ISA_USAGE = YES_ERROR;
				CLANG_WARN_DOCUMENTATION_COMMENTS = YES;
				CLANG_WARN_EMPTY_BODY = YES;
				CLANG_WARN_ENUM_CONVERSION = YES;
				CLANG_WARN_INFINITE_RECURSION = YES;
				CLANG_WARN_INT_CONVERSION = YES;
				CLANG_WARN_NON_LITERAL_NULL_CONVERSION = YES;
				CLANG_WARN_OBJC_IMPLICIT_RETAIN_SELF = YES;
				CLANG_WARN_OBJC_LITERAL_CONVERSION = YES;
				CLANG_WARN_OBJC_ROOT_CLASS = YES_ERROR;
				CLANG_WARN_QUOTED_INCLUDE_IN_FRAMEWORK_HEADER = YES;
				CLANG_WARN_RANGE_LOOP_ANALYSIS = YES;
				CLANG_WARN_STRICT_PROTOTYPES = YES;
				CLANG_WARN_SUSPICIOUS_MOVE = YES;
				CLANG_WARN_UNGUARDED_AVAILABILITY = YES_AGGRESSIVE;
				CLANG_WARN_UNREACHABLE_CODE = YES;
				CLANG_WARN__DUPLICATE_METHOD_MATCH = YES;
				COPY_PHASE_STRIP = NO;
				DEBUG_INFORMATION_FORMAT = dwarf;
				ENABLE_STRICT_OBJC_MSGSEND = YES;
				ENABLE_TESTABILITY = YES;
				GCC_C_LANGUAGE_STANDARD = gnu11;
				GCC_DYNAMIC_NO_PIC = NO;
				GCC_NO_COMMON_BLOCKS = YES;
				GCC_OPTIMIZATION_LEVEL = 0;
				GCC_PREPROCESSOR_DEFINITIONS = (
					"DEBUG=1",
					"$(inherited)",
				);
				GCC_WARN_64_TO_32_BIT_CONVERSION = YES;
				GCC_WARN_ABOUT_RETURN_TYPE = YES_ERROR;
				GCC_WARN_UNDECLARED_SELECTOR = YES;
				GCC_WARN_UNINITIALIZED_AUTOS = YES_AGGRESSIVE;
				GCC_WARN_UNUSED_FUNCTION = YES;
				GCC_WARN_UNUSED_VARIABLE = YES;
				IPHONEOS_DEPLOYMENT_TARGET = 14.2;
				MTL_ENABLE_DEBUG_INFO = INCLUDE_SOURCE;
				MTL_FAST_MATH = YES;
				ONLY_ACTIVE_ARCH = YES;
				SDKROOT = iphoneos;
				SWIFT_ACTIVE_COMPILATION_CONDITIONS = DEBUG;
				SWIFT_OPTIMIZATION_LEVEL = "-Onone";
			};
			name = Debug;
		};
		6A74AEFE258A646B00216877 /* Release */ = {
			isa = XCBuildConfiguration;
			buildSettings = {
				ALWAYS_SEARCH_USER_PATHS = NO;
				CLANG_ANALYZER_NONNULL = YES;
				CLANG_ANALYZER_NUMBER_OBJECT_CONVERSION = YES_AGGRESSIVE;
				CLANG_CXX_LANGUAGE_STANDARD = "gnu++14";
				CLANG_CXX_LIBRARY = "libc++";
				CLANG_ENABLE_MODULES = YES;
				CLANG_ENABLE_OBJC_ARC = YES;
				CLANG_ENABLE_OBJC_WEAK = YES;
				CLANG_WARN_BLOCK_CAPTURE_AUTORELEASING = YES;
				CLANG_WARN_BOOL_CONVERSION = YES;
				CLANG_WARN_COMMA = YES;
				CLANG_WARN_CONSTANT_CONVERSION = YES;
				CLANG_WARN_DEPRECATED_OBJC_IMPLEMENTATIONS = YES;
				CLANG_WARN_DIRECT_OBJC_ISA_USAGE = YES_ERROR;
				CLANG_WARN_DOCUMENTATION_COMMENTS = YES;
				CLANG_WARN_EMPTY_BODY = YES;
				CLANG_WARN_ENUM_CONVERSION = YES;
				CLANG_WARN_INFINITE_RECURSION = YES;
				CLANG_WARN_INT_CONVERSION = YES;
				CLANG_WARN_NON_LITERAL_NULL_CONVERSION = YES;
				CLANG_WARN_OBJC_IMPLICIT_RETAIN_SELF = YES;
				CLANG_WARN_OBJC_LITERAL_CONVERSION = YES;
				CLANG_WARN_OBJC_ROOT_CLASS = YES_ERROR;
				CLANG_WARN_QUOTED_INCLUDE_IN_FRAMEWORK_HEADER = YES;
				CLANG_WARN_RANGE_LOOP_ANALYSIS = YES;
				CLANG_WARN_STRICT_PROTOTYPES = YES;
				CLANG_WARN_SUSPICIOUS_MOVE = YES;
				CLANG_WARN_UNGUARDED_AVAILABILITY = YES_AGGRESSIVE;
				CLANG_WARN_UNREACHABLE_CODE = YES;
				CLANG_WARN__DUPLICATE_METHOD_MATCH = YES;
				COPY_PHASE_STRIP = NO;
				DEBUG_INFORMATION_FORMAT = "dwarf-with-dsym";
				ENABLE_NS_ASSERTIONS = NO;
				ENABLE_STRICT_OBJC_MSGSEND = YES;
				GCC_C_LANGUAGE_STANDARD = gnu11;
				GCC_NO_COMMON_BLOCKS = YES;
				GCC_WARN_64_TO_32_BIT_CONVERSION = YES;
				GCC_WARN_ABOUT_RETURN_TYPE = YES_ERROR;
				GCC_WARN_UNDECLARED_SELECTOR = YES;
				GCC_WARN_UNINITIALIZED_AUTOS = YES_AGGRESSIVE;
				GCC_WARN_UNUSED_FUNCTION = YES;
				GCC_WARN_UNUSED_VARIABLE = YES;
				IPHONEOS_DEPLOYMENT_TARGET = 14.2;
				MTL_ENABLE_DEBUG_INFO = NO;
				MTL_FAST_MATH = YES;
				SDKROOT = iphoneos;
				SWIFT_COMPILATION_MODE = wholemodule;
				SWIFT_OPTIMIZATION_LEVEL = "-O";
				VALIDATE_PRODUCT = YES;
			};
			name = Release;
		};
		6A74AF00258A646B00216877 /* Debug */ = {
			isa = XCBuildConfiguration;
			buildSettings = {
				ASSETCATALOG_COMPILER_APPICON_NAME = AppIcon;
				ASSETCATALOG_COMPILER_GLOBAL_ACCENT_COLOR_NAME = AccentColor;
				CODE_SIGN_STYLE = Automatic;
				INFOPLIST_FILE = EssentialApp/Info.plist;
				LD_RUNPATH_SEARCH_PATHS = (
					"$(inherited)",
					"@executable_path/Frameworks",
				);
				PRODUCT_BUNDLE_IDENTIFIER = com.kndev.EssentialApp;
				PRODUCT_NAME = "$(TARGET_NAME)";
				SWIFT_VERSION = 5.0;
				TARGETED_DEVICE_FAMILY = "1,2";
			};
			name = Debug;
		};
		6A74AF01258A646B00216877 /* Release */ = {
			isa = XCBuildConfiguration;
			buildSettings = {
				ASSETCATALOG_COMPILER_APPICON_NAME = AppIcon;
				ASSETCATALOG_COMPILER_GLOBAL_ACCENT_COLOR_NAME = AccentColor;
				CODE_SIGN_STYLE = Automatic;
				INFOPLIST_FILE = EssentialApp/Info.plist;
				LD_RUNPATH_SEARCH_PATHS = (
					"$(inherited)",
					"@executable_path/Frameworks",
				);
				PRODUCT_BUNDLE_IDENTIFIER = com.kndev.EssentialApp;
				PRODUCT_NAME = "$(TARGET_NAME)";
				SWIFT_VERSION = 5.0;
				TARGETED_DEVICE_FAMILY = "1,2";
			};
			name = Release;
		};
		6A74AF03258A646B00216877 /* Debug */ = {
			isa = XCBuildConfiguration;
			buildSettings = {
				ALWAYS_EMBED_SWIFT_STANDARD_LIBRARIES = YES;
				BUNDLE_LOADER = "$(TEST_HOST)";
				"CODE_SIGN_IDENTITY[sdk=macosx*]" = "-";
				CODE_SIGN_STYLE = Automatic;
				INFOPLIST_FILE = EssentialAppTests/Info.plist;
				IPHONEOS_DEPLOYMENT_TARGET = 14.2;
				LD_RUNPATH_SEARCH_PATHS = (
					"$(inherited)",
					"@executable_path/Frameworks",
					"@loader_path/Frameworks",
				);
				PRODUCT_BUNDLE_IDENTIFIER = com.kndev.EssentialAppTests;
				PRODUCT_NAME = "$(TARGET_NAME)";
				SWIFT_VERSION = 5.0;
				TARGETED_DEVICE_FAMILY = "1,2";
				TEST_HOST = "$(BUILT_PRODUCTS_DIR)/EssentialApp.app/EssentialApp";
			};
			name = Debug;
		};
		6A74AF04258A646B00216877 /* Release */ = {
			isa = XCBuildConfiguration;
			buildSettings = {
				ALWAYS_EMBED_SWIFT_STANDARD_LIBRARIES = YES;
				BUNDLE_LOADER = "$(TEST_HOST)";
				"CODE_SIGN_IDENTITY[sdk=macosx*]" = "-";
				CODE_SIGN_STYLE = Automatic;
				INFOPLIST_FILE = EssentialAppTests/Info.plist;
				IPHONEOS_DEPLOYMENT_TARGET = 14.2;
				LD_RUNPATH_SEARCH_PATHS = (
					"$(inherited)",
					"@executable_path/Frameworks",
					"@loader_path/Frameworks",
				);
				PRODUCT_BUNDLE_IDENTIFIER = com.kndev.EssentialAppTests;
				PRODUCT_NAME = "$(TARGET_NAME)";
				SWIFT_VERSION = 5.0;
				TARGETED_DEVICE_FAMILY = "1,2";
				TEST_HOST = "$(BUILT_PRODUCTS_DIR)/EssentialApp.app/EssentialApp";
			};
			name = Release;
		};
/* End XCBuildConfiguration section */

/* Begin XCConfigurationList section */
		6A74AED0258A646A00216877 /* Build configuration list for PBXProject "EssentialApp" */ = {
			isa = XCConfigurationList;
			buildConfigurations = (
				6A74AEFD258A646B00216877 /* Debug */,
				6A74AEFE258A646B00216877 /* Release */,
			);
			defaultConfigurationIsVisible = 0;
			defaultConfigurationName = Release;
		};
		6A74AEFF258A646B00216877 /* Build configuration list for PBXNativeTarget "EssentialApp" */ = {
			isa = XCConfigurationList;
			buildConfigurations = (
				6A74AF00258A646B00216877 /* Debug */,
				6A74AF01258A646B00216877 /* Release */,
			);
			defaultConfigurationIsVisible = 0;
			defaultConfigurationName = Release;
		};
		6A74AF02258A646B00216877 /* Build configuration list for PBXNativeTarget "EssentialAppTests" */ = {
			isa = XCConfigurationList;
			buildConfigurations = (
				6A74AF03258A646B00216877 /* Debug */,
				6A74AF04258A646B00216877 /* Release */,
			);
			defaultConfigurationIsVisible = 0;
			defaultConfigurationName = Release;
		};
/* End XCConfigurationList section */
	};
	rootObject = 6A74AECD258A646A00216877 /* Project object */;
}
